PODS:
  - Kingfisher (3.6.2)
  - Masonry (1.0.2)
  - OAuthSwift (1.1.1)
  - SKPhotoBrowser (4.0.1)
  - SRDownloadManager (1.0.0)
  - SVProgressHUD (2.1.2)
  - YYModel (1.0.4)
  - ZFPlayer (2.1.3):
    - Masonry

DEPENDENCIES:
  - Kingfisher
  - OAuthSwift
  - SKPhotoBrowser
  - SRDownloadManager
  - SVProgressHUD
  - YYModel
  - ZFPlayer

SPEC CHECKSUMS:
  Kingfisher: 2c94e72c6830622c71d06adf4ea024c37d316830
  Masonry: 7c429b56da9d4ee0bbb3ed77a5ea710d6a5df39e
  OAuthSwift: 6e3a103b3e5639411769cc7e199ec7e14bd1547f
  SKPhotoBrowser: 3a7c6fc02aa1620ab17253a47a49fafda46536e8
  SRDownloadManager: aecd803256467421a5a719010a95da22fc98e0b9
  SVProgressHUD: c404a55d78acbeb7ebb78b76d3faf986475a6994
  YYModel: 2a7fdd96aaa4b86a824e26d0c517de8928c04b30
  ZFPlayer: 8dc82b4508fbba4ee59d0304c52e30f8b3390244

PODFILE CHECKSUM: 5461ed11648c721de811e05e374d922f2dd408d6

COCOAPODS: 1.2.0.beta.3
