PODS:
  - Alamofire (4.4.0)
  - Bugly (2.4.8)
  - FMDB (2.6.2):
    - FMDB/standard (= 2.6.2)
  - FMDB/standard (2.6.2)
  - KeychainAccess (3.0.2)
  - Kingfisher (3.6.2)
  - Masonry (1.0.2)
  - OAuthSwift (1.1.1)
  - Popover (1.0.5)
  - SVProgressHUD (2.1.2)
  - YYModel (1.0.4)
  - ZFPlayer (2.1.3):
    - Masonry

DEPENDENCIES:
  - Alamofire
  - Bugly
  - FMDB
  - KeychainAccess
  - Kingfisher
  - OAuthSwift
  - Popover
  - SVProgressHUD
  - YYModel
  - ZFPlayer

SPEC CHECKSUMS:
  Alamofire: dc44b1600b800eb63da6a19039a0083d62a6a62d
  Bugly: da3c02408c14838d498429320545a8e439392978
  FMDB: 854a0341b4726e53276f2a8996f06f1b80f9259a
  KeychainAccess: a986406022dfc7c634c691ad3bec670cc6a32002
  Kingfisher: 2c94e72c6830622c71d06adf4ea024c37d316830
  Masonry: 7c429b56da9d4ee0bbb3ed77a5ea710d6a5df39e
  OAuthSwift: 6e3a103b3e5639411769cc7e199ec7e14bd1547f
  Popover: f31b0ef6f43192256e6fcf13a0ce10f01c803159
  SVProgressHUD: c404a55d78acbeb7ebb78b76d3faf986475a6994
  YYModel: 2a7fdd96aaa4b86a824e26d0c517de8928c04b30
  ZFPlayer: 8dc82b4508fbba4ee59d0304c52e30f8b3390244

PODFILE CHECKSUM: 621d0ac4be4dfa4dbd4145e260ffb3c50ee834b7

COCOAPODS: 1.2.0.beta.3
