// !$*UTF8*$!
{
	archiveVersion = 1;
	classes = {
	};
	objectVersion = 46;
	objects = {

/* Begin PBXBuildFile section */
		1280E5A98AA9520C4107B199 /* Pods_spade.framework in Frameworks */ = {isa = PBXBuildFile; fileRef = A50C2F42A49182BA021C5361 /* Pods_spade.framework */; };
		9F17FC631ECBF966009BE5CE /* dashboard.sql in Resources */ = {isa = PBXBuildFile; fileRef = 9F17FC611ECBF966009BE5CE /* dashboard.sql */; };
		9F17FC641ECBF966009BE5CE /* NTSQLiteManager.swift in Sources */ = {isa = PBXBuildFile; fileRef = 9F17FC621ECBF966009BE5CE /* NTSQLiteManager.swift */; };
		9F17FC661ECBFAE7009BE5CE /* SPDashBoardListDAL.swift in Sources */ = {isa = PBXBuildFile; fileRef = 9F17FC651ECBFAE7009BE5CE /* SPDashBoardListDAL.swift */; };
		9F1A59E51EA99021008A286D /* SPLikeViewController.swift in Sources */ = {isa = PBXBuildFile; fileRef = 9F1A59E41EA99021008A286D /* SPLikeViewController.swift */; };
		9F2ED21F1EA49CA90079B688 /* SPProfileViewController.swift in Sources */ = {isa = PBXBuildFile; fileRef = 9F2ED21E1EA49CA90079B688 /* SPProfileViewController.swift */; };
		9F32C4FA1EE912D90013D9BE /* LaunchScreen.storyboard in Resources */ = {isa = PBXBuildFile; fileRef = 9F32C4F91EE912D90013D9BE /* LaunchScreen.storyboard */; };
		9F32C5001EE914FA0013D9BE /* SPSelectLoadView.xib in Resources */ = {isa = PBXBuildFile; fileRef = 9F32C5021EE914FA0013D9BE /* SPSelectLoadView.xib */; };
		9F32C5141EE921680013D9BE /* SPProfileHeaderView.xib in Resources */ = {isa = PBXBuildFile; fileRef = 9F32C5161EE921680013D9BE /* SPProfileHeaderView.xib */; };
		9F32C51B1EE924720013D9BE /* Setting.storyboard in Resources */ = {isa = PBXBuildFile; fileRef = 9F32C51D1EE924720013D9BE /* Setting.storyboard */; };
		9F32C5331EE928770013D9BE /* Localizable.strings in Resources */ = {isa = PBXBuildFile; fileRef = 9F32C5351EE928770013D9BE /* Localizable.strings */; };
		9F32C5381EE92A870013D9BE /* SPUserDetailHeaderView.xib in Resources */ = {isa = PBXBuildFile; fileRef = 9F32C53A1EE92A870013D9BE /* SPUserDetailHeaderView.xib */; };
		9F3BFF3B1EEA3B9A00C914B6 /* service.html in Resources */ = {isa = PBXBuildFile; fileRef = 9F3BFF3A1EEA3B9A00C914B6 /* service.html */; };
		9F3BFF3C1EEA3BDA00C914B6 /* SPLoginView.xib in Resources */ = {isa = PBXBuildFile; fileRef = 9F3BFF3E1EEA3BDA00C914B6 /* SPLoginView.xib */; };
		9F3BFF441EEA3CEA00C914B6 /* SPServiceViewController.swift in Sources */ = {isa = PBXBuildFile; fileRef = 9F3BFF431EEA3CEA00C914B6 /* SPServiceViewController.swift */; };
		9F44EF9D1EBD766B007F7F60 /* NTURLProtocol.swift in Sources */ = {isa = PBXBuildFile; fileRef = 9F44EF9C1EBD766B007F7F60 /* NTURLProtocol.swift */; };
		9F47CFF61EA4FB2B0011F87C /* SPProfileHeaderView.swift in Sources */ = {isa = PBXBuildFile; fileRef = 9F47CFF51EA4FB2B0011F87C /* SPProfileHeaderView.swift */; };
		9F49F21C1E9F6DC2001922DA /* NTUIColor+Extensions.swift in Sources */ = {isa = PBXBuildFile; fileRef = 9F49F21B1E9F6DC2001922DA /* NTUIColor+Extensions.swift */; };
		9F49F21E1E9F726D001922DA /* SPPhotoProgressView.swift in Sources */ = {isa = PBXBuildFile; fileRef = 9F49F21D1E9F726D001922DA /* SPPhotoProgressView.swift */; };
		9F4E0EF71E9691CA004F307A /* SPNetworkManage.swift in Sources */ = {isa = PBXBuildFile; fileRef = 9F4E0EF61E9691CA004F307A /* SPNetworkManage.swift */; };
		9F4E0EF91E9692BB004F307A /* SpaceCommon.swift in Sources */ = {isa = PBXBuildFile; fileRef = 9F4E0EF81E9692BB004F307A /* SpaceCommon.swift */; };
		9F4E0EFC1E972E50004F307A /* SPDashBoard.swift in Sources */ = {isa = PBXBuildFile; fileRef = 9F4E0EFB1E972E50004F307A /* SPDashBoard.swift */; };
		9F4E0EFE1E9744FD004F307A /* SPNetworkManage+Extensions.swift in Sources */ = {isa = PBXBuildFile; fileRef = 9F4E0EFD1E9744FD004F307A /* SPNetworkManage+Extensions.swift */; };
		9F4E0F001E97465B004F307A /* SPBaseViewController.swift in Sources */ = {isa = PBXBuildFile; fileRef = 9F4E0EFF1E97465B004F307A /* SPBaseViewController.swift */; };
		9F5332C11EAF140000C7D2BE /* NTRefreshControl.swift in Sources */ = {isa = PBXBuildFile; fileRef = 9F5332BE1EAF140000C7D2BE /* NTRefreshControl.swift */; };
		9F5332C21EAF140000C7D2BE /* NTRefreshView.swift in Sources */ = {isa = PBXBuildFile; fileRef = 9F5332BF1EAF140000C7D2BE /* NTRefreshView.swift */; };
		9F5332C31EAF140000C7D2BE /* NTRefreshView.xib in Resources */ = {isa = PBXBuildFile; fileRef = 9F5332C01EAF140000C7D2BE /* NTRefreshView.xib */; };
		9F5C75B11EB83E9300C7D5DC /* SPSetting.swift in Sources */ = {isa = PBXBuildFile; fileRef = 9F5C75B01EB83E9300C7D5DC /* SPSetting.swift */; };
		9F61CCF61E99D8B900C64627 /* NTUIImage+Extensions.swift in Sources */ = {isa = PBXBuildFile; fileRef = 9F61CCF41E99D8B900C64627 /* NTUIImage+Extensions.swift */; };
		9F61CCF71E99D8B900C64627 /* UIimageView+WebImage.swift in Sources */ = {isa = PBXBuildFile; fileRef = 9F61CCF51E99D8B900C64627 /* UIimageView+WebImage.swift */; };
		9F63A0B91EBACED400685395 /* SPDiscoverTopBarView.swift in Sources */ = {isa = PBXBuildFile; fileRef = 9F63A0B81EBACED400685395 /* SPDiscoverTopBarView.swift */; };
		9F63A0BB1EBACEE300685395 /* SPDiscoverTopBarView.xib in Resources */ = {isa = PBXBuildFile; fileRef = 9F63A0BA1EBACEE300685395 /* SPDiscoverTopBarView.xib */; };
		9F6668721EAD909200AC1DF9 /* SPUserAccount.swift in Sources */ = {isa = PBXBuildFile; fileRef = 9F6668711EAD909200AC1DF9 /* SPUserAccount.swift */; };
		9F6CA4D81E9E572A0098E4DA /* NTInt+Extensions.swift in Sources */ = {isa = PBXBuildFile; fileRef = 9F6CA4D71E9E572A0098E4DA /* NTInt+Extensions.swift */; };
		9F8384381EC9B1D0004617A1 /* SPDownloadedViewCell.xib in Resources */ = {isa = PBXBuildFile; fileRef = 9F8384361EC9B1D0004617A1 /* SPDownloadedViewCell.xib */; };
		9F83843D1EC9B285004617A1 /* NTDownloadManager.swift in Sources */ = {isa = PBXBuildFile; fileRef = 9F83843B1EC9B285004617A1 /* NTDownloadManager.swift */; };
		9F83843E1EC9B285004617A1 /* NTDownloadTask.swift in Sources */ = {isa = PBXBuildFile; fileRef = 9F83843C1EC9B285004617A1 /* NTDownloadTask.swift */; };
		9F8384401EC9B2F0004617A1 /* SPDownloadedViewCell.swift in Sources */ = {isa = PBXBuildFile; fileRef = 9F83843F1EC9B2F0004617A1 /* SPDownloadedViewCell.swift */; };
		9F83A8F01EC3014600CBF09D /* SPSelectLoadView.swift in Sources */ = {isa = PBXBuildFile; fileRef = 9F83A8EF1EC3014600CBF09D /* SPSelectLoadView.swift */; };
		9F85B0931EAF6721004C4D09 /* NTMessageHud.swift in Sources */ = {isa = PBXBuildFile; fileRef = 9F85B0921EAF6721004C4D09 /* NTMessageHud.swift */; };
		9F87A68A1EC433AD0020E145 /* SPDownloadViewController.swift in Sources */ = {isa = PBXBuildFile; fileRef = 9F87A6891EC433AD0020E145 /* SPDownloadViewController.swift */; };
		9F887FE51EAAEF4C00094D48 /* SPLikeListViewModel.swift in Sources */ = {isa = PBXBuildFile; fileRef = 9F887FE41EAAEF4C00094D48 /* SPLikeListViewModel.swift */; };
		9F887FE71EAAF10100094D48 /* SPUserLikesViewController.swift in Sources */ = {isa = PBXBuildFile; fileRef = 9F887FE61EAAF10100094D48 /* SPUserLikesViewController.swift */; };
		9F8BB2331EADF1E30012BC86 /* SPLoginView.swift in Sources */ = {isa = PBXBuildFile; fileRef = 9F8BB2321EADF1E30012BC86 /* SPLoginView.swift */; };
		9F8BEA301EA5E52C00F9CF0A /* SPBlogInfoViewModel.swift in Sources */ = {isa = PBXBuildFile; fileRef = 9F8BEA2F1EA5E52C00F9CF0A /* SPBlogInfoViewModel.swift */; };
		9F8BEA3A1EA6088A00F9CF0A /* SPUserListViewModel.swift in Sources */ = {isa = PBXBuildFile; fileRef = 9F8BEA391EA6088A00F9CF0A /* SPUserListViewModel.swift */; };
		9F961E5C1ED29106003D0928 /* SPDownloadingViewCell.swift in Sources */ = {isa = PBXBuildFile; fileRef = 9F961E5A1ED29106003D0928 /* SPDownloadingViewCell.swift */; };
		9F961E5D1ED29106003D0928 /* SPDownloadingViewCell.xib in Resources */ = {isa = PBXBuildFile; fileRef = 9F961E5B1ED29106003D0928 /* SPDownloadingViewCell.xib */; };
		9F9A2C871E9902D80067E1A4 /* NTString+Extensions.swift in Sources */ = {isa = PBXBuildFile; fileRef = 9F9A2C861E9902D80067E1A4 /* NTString+Extensions.swift */; };
		9F9A2C891E9912EB0067E1A4 /* SPBlogInfo.swift in Sources */ = {isa = PBXBuildFile; fileRef = 9F9A2C881E9912EB0067E1A4 /* SPBlogInfo.swift */; };
		9F9A2C8D1E9920FC0067E1A4 /* NTDate+Extensions.swift in Sources */ = {isa = PBXBuildFile; fileRef = 9F9A2C8C1E9920FC0067E1A4 /* NTDate+Extensions.swift */; };
		9F9A2C8F1E994D8E0067E1A4 /* SPDashBoardViewModel.swift in Sources */ = {isa = PBXBuildFile; fileRef = 9F9A2C8E1E994D8E0067E1A4 /* SPDashBoardViewModel.swift */; };
		9F9A2C911E994F300067E1A4 /* SPDashBoardListViewModel.swift in Sources */ = {isa = PBXBuildFile; fileRef = 9F9A2C901E994F300067E1A4 /* SPDashBoardListViewModel.swift */; };
		9FA6D66D1EB47C9600C8FA6E /* SPUserFollowingListViewModel.swift in Sources */ = {isa = PBXBuildFile; fileRef = 9FA6D66C1EB47C9600C8FA6E /* SPUserFollowingListViewModel.swift */; };
		9FB378581EA73C5B0048A51C /* SPUserDetailViewController.swift in Sources */ = {isa = PBXBuildFile; fileRef = 9FB378571EA73C5B0048A51C /* SPUserDetailViewController.swift */; };
		9FB3785A1EA746640048A51C /* NTFPSLabel.swift in Sources */ = {isa = PBXBuildFile; fileRef = 9FB378591EA746640048A51C /* NTFPSLabel.swift */; };
		9FBCFCA01EACCFA0004A801E /* SPOAuthViewController.swift in Sources */ = {isa = PBXBuildFile; fileRef = 9FBCFC9F1EACCFA0004A801E /* SPOAuthViewController.swift */; };
		9FC767091EA23A19000A2A51 /* SPHomeVideoTableViewCell.xib in Resources */ = {isa = PBXBuildFile; fileRef = 9FC767081EA23A19000A2A51 /* SPHomeVideoTableViewCell.xib */; };
		9FCA5F361EB8D3D40038DC66 /* NTUserDefault+Extensions.swift in Sources */ = {isa = PBXBuildFile; fileRef = 9FCA5F351EB8D3D40038DC66 /* NTUserDefault+Extensions.swift */; };
		9FCEC2AE1E9A542900DF0034 /* SPHomePictureView.swift in Sources */ = {isa = PBXBuildFile; fileRef = 9FCEC2AD1E9A542900DF0034 /* SPHomePictureView.swift */; };
		9FCEC2B21E9A72BF00DF0034 /* SPDashBoardPicture.swift in Sources */ = {isa = PBXBuildFile; fileRef = 9FCEC2B11E9A72BF00DF0034 /* SPDashBoardPicture.swift */; };
		9FD36DA51EA768B10007D3C2 /* SPUserDetailHeaderView.swift in Sources */ = {isa = PBXBuildFile; fileRef = 9FD36DA41EA768B10007D3C2 /* SPUserDetailHeaderView.swift */; };
		9FDC1C851E96272F0019D76A /* AppDelegate.swift in Sources */ = {isa = PBXBuildFile; fileRef = 9FDC1C841E96272F0019D76A /* AppDelegate.swift */; };
		9FDC1C8C1E96272F0019D76A /* Assets.xcassets in Resources */ = {isa = PBXBuildFile; fileRef = 9FDC1C8B1E96272F0019D76A /* Assets.xcassets */; };
		9FDC1CA01E962CBB0019D76A /* SPMainViewController.swift in Sources */ = {isa = PBXBuildFile; fileRef = 9FDC1C9F1E962CBB0019D76A /* SPMainViewController.swift */; };
		9FDC1CA31E962EFC0019D76A /* NTBundle+Extensions.swift in Sources */ = {isa = PBXBuildFile; fileRef = 9FDC1CA21E962EFC0019D76A /* NTBundle+Extensions.swift */; };
		9FDC1CA51E962F9F0019D76A /* SPNavigationController.swift in Sources */ = {isa = PBXBuildFile; fileRef = 9FDC1CA41E962F9F0019D76A /* SPNavigationController.swift */; };
		9FDC1CA71E9630BA0019D76A /* SPHomeViewController.swift in Sources */ = {isa = PBXBuildFile; fileRef = 9FDC1CA61E9630BA0019D76A /* SPHomeViewController.swift */; };
		9FDC1CAA1E964B2F0019D76A /* SPHomeTableViewCell.swift in Sources */ = {isa = PBXBuildFile; fileRef = 9FDC1CA81E964B2F0019D76A /* SPHomeTableViewCell.swift */; };
		9FDC1CAB1E964B2F0019D76A /* SPHomeTableViewCell.xib in Resources */ = {isa = PBXBuildFile; fileRef = 9FDC1CA91E964B2F0019D76A /* SPHomeTableViewCell.xib */; };
		9FDC1CAE1E964C670019D76A /* SPDemoViewController.swift in Sources */ = {isa = PBXBuildFile; fileRef = 9FDC1CAD1E964C670019D76A /* SPDemoViewController.swift */; };
		9FDC1CB01E964F200019D76A /* NTUIBarButtonItem+Extensions.swift in Sources */ = {isa = PBXBuildFile; fileRef = 9FDC1CAF1E964F200019D76A /* NTUIBarButtonItem+Extensions.swift */; };
		9FDE5F311EB4354100D3440F /* DMHeartFlyView.m in Sources */ = {isa = PBXBuildFile; fileRef = 9FDE5F301EB4354100D3440F /* DMHeartFlyView.m */; };
		9FE4D83A1EC2BB8F00749B85 /* SPTitleButton.swift in Sources */ = {isa = PBXBuildFile; fileRef = 9FE4D8391EC2BB8F00749B85 /* SPTitleButton.swift */; };
		9FEC9F841EB96FD200C82680 /* SPFollowingViewController.swift in Sources */ = {isa = PBXBuildFile; fileRef = 9FEC9F831EB96FD200C82680 /* SPFollowingViewController.swift */; };
		9FEC9F871EB972CA00C82680 /* SPFollowingTableViewCell.swift in Sources */ = {isa = PBXBuildFile; fileRef = 9FEC9F851EB972CA00C82680 /* SPFollowingTableViewCell.swift */; };
		9FEC9F881EB972CA00C82680 /* SPFollowingTableViewCell.xib in Resources */ = {isa = PBXBuildFile; fileRef = 9FEC9F861EB972CA00C82680 /* SPFollowingTableViewCell.xib */; };
		9FF8747F1EAA4C500047241E /* SPUserLikeListViewModel.swift in Sources */ = {isa = PBXBuildFile; fileRef = 9FF8747E1EAA4C500047241E /* SPUserLikeListViewModel.swift */; };
		9FF874811EAA52FE0047241E /* SPDiscoverViewController.swift in Sources */ = {isa = PBXBuildFile; fileRef = 9FF874801EAA52FE0047241E /* SPDiscoverViewController.swift */; };
/* End PBXBuildFile section */

/* Begin PBXFileReference section */
		415A9CD500D9AED2735C62F2 /* Pods-spade.debug.xcconfig */ = {isa = PBXFileReference; includeInIndex = 1; lastKnownFileType = text.xcconfig; name = "Pods-spade.debug.xcconfig"; path = "Pods/Target Support Files/Pods-spade/Pods-spade.debug.xcconfig"; sourceTree = "<group>"; };
		48749C7EFFD4C4F8AB829C27 /* Pods-spade.release.xcconfig */ = {isa = PBXFileReference; includeInIndex = 1; lastKnownFileType = text.xcconfig; name = "Pods-spade.release.xcconfig"; path = "Pods/Target Support Files/Pods-spade/Pods-spade.release.xcconfig"; sourceTree = "<group>"; };
		9F17FC611ECBF966009BE5CE /* dashboard.sql */ = {isa = PBXFileReference; fileEncoding = 4; lastKnownFileType = text; path = dashboard.sql; sourceTree = "<group>"; };
		9F17FC621ECBF966009BE5CE /* NTSQLiteManager.swift */ = {isa = PBXFileReference; fileEncoding = 4; lastKnownFileType = sourcecode.swift; path = NTSQLiteManager.swift; sourceTree = "<group>"; };
		9F17FC651ECBFAE7009BE5CE /* SPDashBoardListDAL.swift */ = {isa = PBXFileReference; fileEncoding = 4; lastKnownFileType = sourcecode.swift; path = SPDashBoardListDAL.swift; sourceTree = "<group>"; };
		9F1A59E41EA99021008A286D /* SPLikeViewController.swift */ = {isa = PBXFileReference; fileEncoding = 4; lastKnownFileType = sourcecode.swift; path = SPLikeViewController.swift; sourceTree = "<group>"; };
		9F2ED21E1EA49CA90079B688 /* SPProfileViewController.swift */ = {isa = PBXFileReference; fileEncoding = 4; lastKnownFileType = sourcecode.swift; path = SPProfileViewController.swift; sourceTree = "<group>"; };
		9F32C4F91EE912D90013D9BE /* LaunchScreen.storyboard */ = {isa = PBXFileReference; fileEncoding = 4; lastKnownFileType = file.storyboard; path = LaunchScreen.storyboard; sourceTree = "<group>"; };
		9F32C5061EE9163F0013D9BE /* Base */ = {isa = PBXFileReference; lastKnownFileType = file.xib; name = Base; path = Base.lproj/SPSelectLoadView.xib; sourceTree = "<group>"; };
		9F32C5081EE916F60013D9BE /* zh-Hans */ = {isa = PBXFileReference; lastKnownFileType = text.plist.strings; name = "zh-Hans"; path = "zh-Hans.lproj/SPSelectLoadView.strings"; sourceTree = "<group>"; };
		9F32C5151EE921680013D9BE /* Base */ = {isa = PBXFileReference; lastKnownFileType = file.xib; name = Base; path = Base.lproj/SPProfileHeaderView.xib; sourceTree = "<group>"; };
		9F32C51A1EE9216A0013D9BE /* zh-Hans */ = {isa = PBXFileReference; lastKnownFileType = text.plist.strings; name = "zh-Hans"; path = "zh-Hans.lproj/SPProfileHeaderView.strings"; sourceTree = "<group>"; };
		9F32C51C1EE924720013D9BE /* Base */ = {isa = PBXFileReference; lastKnownFileType = file.storyboard; name = Base; path = Base.lproj/Setting.storyboard; sourceTree = "<group>"; };
		9F32C5251EE926AF0013D9BE /* en */ = {isa = PBXFileReference; lastKnownFileType = text.plist.strings; name = en; path = en.lproj/SPSelectLoadView.strings; sourceTree = "<group>"; };
		9F32C5271EE926AF0013D9BE /* en */ = {isa = PBXFileReference; lastKnownFileType = text.plist.strings; name = en; path = en.lproj/SPProfileHeaderView.strings; sourceTree = "<group>"; };
		9F32C5341EE928770013D9BE /* Base */ = {isa = PBXFileReference; lastKnownFileType = text.plist.strings; name = Base; path = Base.lproj/Localizable.strings; sourceTree = "<group>"; };
		9F32C5361EE928780013D9BE /* zh-Hans */ = {isa = PBXFileReference; lastKnownFileType = text.plist.strings; name = "zh-Hans"; path = "zh-Hans.lproj/Localizable.strings"; sourceTree = "<group>"; };
		9F32C5371EE928780013D9BE /* en */ = {isa = PBXFileReference; lastKnownFileType = text.plist.strings; name = en; path = en.lproj/Localizable.strings; sourceTree = "<group>"; };
		9F32C5401EE934C10013D9BE /* Base */ = {isa = PBXFileReference; lastKnownFileType = file.xib; name = Base; path = Base.lproj/SPUserDetailHeaderView.xib; sourceTree = "<group>"; };
		9F32C5411EE934CA0013D9BE /* en */ = {isa = PBXFileReference; lastKnownFileType = text.plist.strings; name = en; path = en.lproj/SPUserDetailHeaderView.strings; sourceTree = "<group>"; };
		9F32C5431EE934DF0013D9BE /* zh-Hans */ = {isa = PBXFileReference; lastKnownFileType = text.plist.strings; name = "zh-Hans"; path = "zh-Hans.lproj/SPUserDetailHeaderView.strings"; sourceTree = "<group>"; };
		9F3BFF3A1EEA3B9A00C914B6 /* service.html */ = {isa = PBXFileReference; fileEncoding = 4; lastKnownFileType = text.html; path = service.html; sourceTree = "<group>"; };
		9F3BFF3D1EEA3BDA00C914B6 /* Base */ = {isa = PBXFileReference; lastKnownFileType = file.xib; name = Base; path = Base.lproj/SPLoginView.xib; sourceTree = "<group>"; };
		9F3BFF401EEA3BDC00C914B6 /* zh-Hans */ = {isa = PBXFileReference; lastKnownFileType = text.plist.strings; name = "zh-Hans"; path = "zh-Hans.lproj/SPLoginView.strings"; sourceTree = "<group>"; };
		9F3BFF421EEA3BDD00C914B6 /* en */ = {isa = PBXFileReference; lastKnownFileType = text.plist.strings; name = en; path = en.lproj/SPLoginView.strings; sourceTree = "<group>"; };
		9F3BFF431EEA3CEA00C914B6 /* SPServiceViewController.swift */ = {isa = PBXFileReference; fileEncoding = 4; lastKnownFileType = sourcecode.swift; path = SPServiceViewController.swift; sourceTree = "<group>"; };
		9F3BFF461EEA3EB800C914B6 /* zh-Hans */ = {isa = PBXFileReference; lastKnownFileType = text.plist.strings; name = "zh-Hans"; path = "zh-Hans.lproj/Setting.strings"; sourceTree = "<group>"; };
		9F3BFF481EEA3EBB00C914B6 /* en */ = {isa = PBXFileReference; lastKnownFileType = text.plist.strings; name = en; path = en.lproj/Setting.strings; sourceTree = "<group>"; };
		9F44EF9C1EBD766B007F7F60 /* NTURLProtocol.swift */ = {isa = PBXFileReference; fileEncoding = 4; lastKnownFileType = sourcecode.swift; path = NTURLProtocol.swift; sourceTree = "<group>"; };
		9F47CFF51EA4FB2B0011F87C /* SPProfileHeaderView.swift */ = {isa = PBXFileReference; fileEncoding = 4; lastKnownFileType = sourcecode.swift; path = SPProfileHeaderView.swift; sourceTree = "<group>"; };
		9F49F21B1E9F6DC2001922DA /* NTUIColor+Extensions.swift */ = {isa = PBXFileReference; fileEncoding = 4; lastKnownFileType = sourcecode.swift; path = "NTUIColor+Extensions.swift"; sourceTree = "<group>"; };
		9F49F21D1E9F726D001922DA /* SPPhotoProgressView.swift */ = {isa = PBXFileReference; fileEncoding = 4; lastKnownFileType = sourcecode.swift; path = SPPhotoProgressView.swift; sourceTree = "<group>"; };
		9F4E0EF61E9691CA004F307A /* SPNetworkManage.swift */ = {isa = PBXFileReference; fileEncoding = 4; lastKnownFileType = sourcecode.swift; path = SPNetworkManage.swift; sourceTree = "<group>"; };
		9F4E0EF81E9692BB004F307A /* SpaceCommon.swift */ = {isa = PBXFileReference; fileEncoding = 4; lastKnownFileType = sourcecode.swift; path = SpaceCommon.swift; sourceTree = "<group>"; };
		9F4E0EFB1E972E50004F307A /* SPDashBoard.swift */ = {isa = PBXFileReference; fileEncoding = 4; lastKnownFileType = sourcecode.swift; path = SPDashBoard.swift; sourceTree = "<group>"; };
		9F4E0EFD1E9744FD004F307A /* SPNetworkManage+Extensions.swift */ = {isa = PBXFileReference; fileEncoding = 4; lastKnownFileType = sourcecode.swift; path = "SPNetworkManage+Extensions.swift"; sourceTree = "<group>"; };
		9F4E0EFF1E97465B004F307A /* SPBaseViewController.swift */ = {isa = PBXFileReference; fileEncoding = 4; lastKnownFileType = sourcecode.swift; path = SPBaseViewController.swift; sourceTree = "<group>"; };
		9F5332BE1EAF140000C7D2BE /* NTRefreshControl.swift */ = {isa = PBXFileReference; fileEncoding = 4; lastKnownFileType = sourcecode.swift; path = NTRefreshControl.swift; sourceTree = "<group>"; };
		9F5332BF1EAF140000C7D2BE /* NTRefreshView.swift */ = {isa = PBXFileReference; fileEncoding = 4; lastKnownFileType = sourcecode.swift; path = NTRefreshView.swift; sourceTree = "<group>"; };
		9F5332C01EAF140000C7D2BE /* NTRefreshView.xib */ = {isa = PBXFileReference; fileEncoding = 4; lastKnownFileType = file.xib; path = NTRefreshView.xib; sourceTree = "<group>"; };
		9F5C75B01EB83E9300C7D5DC /* SPSetting.swift */ = {isa = PBXFileReference; fileEncoding = 4; lastKnownFileType = sourcecode.swift; path = SPSetting.swift; sourceTree = "<group>"; };
		9F61CCF41E99D8B900C64627 /* NTUIImage+Extensions.swift */ = {isa = PBXFileReference; fileEncoding = 4; lastKnownFileType = sourcecode.swift; path = "NTUIImage+Extensions.swift"; sourceTree = "<group>"; };
		9F61CCF51E99D8B900C64627 /* UIimageView+WebImage.swift */ = {isa = PBXFileReference; fileEncoding = 4; lastKnownFileType = sourcecode.swift; path = "UIimageView+WebImage.swift"; sourceTree = "<group>"; };
		9F63A0B81EBACED400685395 /* SPDiscoverTopBarView.swift */ = {isa = PBXFileReference; fileEncoding = 4; lastKnownFileType = sourcecode.swift; path = SPDiscoverTopBarView.swift; sourceTree = "<group>"; };
		9F63A0BA1EBACEE300685395 /* SPDiscoverTopBarView.xib */ = {isa = PBXFileReference; fileEncoding = 4; lastKnownFileType = file.xib; path = SPDiscoverTopBarView.xib; sourceTree = "<group>"; };
		9F6668711EAD909200AC1DF9 /* SPUserAccount.swift */ = {isa = PBXFileReference; fileEncoding = 4; lastKnownFileType = sourcecode.swift; path = SPUserAccount.swift; sourceTree = "<group>"; };
		9F6CA4D71E9E572A0098E4DA /* NTInt+Extensions.swift */ = {isa = PBXFileReference; fileEncoding = 4; lastKnownFileType = sourcecode.swift; path = "NTInt+Extensions.swift"; sourceTree = "<group>"; };
		9F8384361EC9B1D0004617A1 /* SPDownloadedViewCell.xib */ = {isa = PBXFileReference; fileEncoding = 4; lastKnownFileType = file.xib; path = SPDownloadedViewCell.xib; sourceTree = "<group>"; };
		9F83843B1EC9B285004617A1 /* NTDownloadManager.swift */ = {isa = PBXFileReference; fileEncoding = 4; lastKnownFileType = sourcecode.swift; path = NTDownloadManager.swift; sourceTree = "<group>"; };
		9F83843C1EC9B285004617A1 /* NTDownloadTask.swift */ = {isa = PBXFileReference; fileEncoding = 4; lastKnownFileType = sourcecode.swift; path = NTDownloadTask.swift; sourceTree = "<group>"; };
		9F83843F1EC9B2F0004617A1 /* SPDownloadedViewCell.swift */ = {isa = PBXFileReference; fileEncoding = 4; lastKnownFileType = sourcecode.swift; path = SPDownloadedViewCell.swift; sourceTree = "<group>"; };
		9F83A8EF1EC3014600CBF09D /* SPSelectLoadView.swift */ = {isa = PBXFileReference; fileEncoding = 4; lastKnownFileType = sourcecode.swift; path = SPSelectLoadView.swift; sourceTree = "<group>"; };
		9F85B0921EAF6721004C4D09 /* NTMessageHud.swift */ = {isa = PBXFileReference; fileEncoding = 4; lastKnownFileType = sourcecode.swift; path = NTMessageHud.swift; sourceTree = "<group>"; };
		9F87A6891EC433AD0020E145 /* SPDownloadViewController.swift */ = {isa = PBXFileReference; fileEncoding = 4; lastKnownFileType = sourcecode.swift; path = SPDownloadViewController.swift; sourceTree = "<group>"; };
		9F887FE41EAAEF4C00094D48 /* SPLikeListViewModel.swift */ = {isa = PBXFileReference; fileEncoding = 4; lastKnownFileType = sourcecode.swift; path = SPLikeListViewModel.swift; sourceTree = "<group>"; };
		9F887FE61EAAF10100094D48 /* SPUserLikesViewController.swift */ = {isa = PBXFileReference; fileEncoding = 4; lastKnownFileType = sourcecode.swift; path = SPUserLikesViewController.swift; sourceTree = "<group>"; };
		9F8BB2321EADF1E30012BC86 /* SPLoginView.swift */ = {isa = PBXFileReference; fileEncoding = 4; lastKnownFileType = sourcecode.swift; path = SPLoginView.swift; sourceTree = "<group>"; };
		9F8BEA2F1EA5E52C00F9CF0A /* SPBlogInfoViewModel.swift */ = {isa = PBXFileReference; fileEncoding = 4; lastKnownFileType = sourcecode.swift; path = SPBlogInfoViewModel.swift; sourceTree = "<group>"; };
		9F8BEA391EA6088A00F9CF0A /* SPUserListViewModel.swift */ = {isa = PBXFileReference; fileEncoding = 4; lastKnownFileType = sourcecode.swift; path = SPUserListViewModel.swift; sourceTree = "<group>"; };
		9F961E5A1ED29106003D0928 /* SPDownloadingViewCell.swift */ = {isa = PBXFileReference; fileEncoding = 4; lastKnownFileType = sourcecode.swift; path = SPDownloadingViewCell.swift; sourceTree = "<group>"; };
		9F961E5B1ED29106003D0928 /* SPDownloadingViewCell.xib */ = {isa = PBXFileReference; fileEncoding = 4; lastKnownFileType = file.xib; path = SPDownloadingViewCell.xib; sourceTree = "<group>"; };
		9F9A2C861E9902D80067E1A4 /* NTString+Extensions.swift */ = {isa = PBXFileReference; fileEncoding = 4; lastKnownFileType = sourcecode.swift; path = "NTString+Extensions.swift"; sourceTree = "<group>"; };
		9F9A2C881E9912EB0067E1A4 /* SPBlogInfo.swift */ = {isa = PBXFileReference; fileEncoding = 4; lastKnownFileType = sourcecode.swift; path = SPBlogInfo.swift; sourceTree = "<group>"; };
		9F9A2C8C1E9920FC0067E1A4 /* NTDate+Extensions.swift */ = {isa = PBXFileReference; fileEncoding = 4; lastKnownFileType = sourcecode.swift; path = "NTDate+Extensions.swift"; sourceTree = "<group>"; };
		9F9A2C8E1E994D8E0067E1A4 /* SPDashBoardViewModel.swift */ = {isa = PBXFileReference; fileEncoding = 4; lastKnownFileType = sourcecode.swift; path = SPDashBoardViewModel.swift; sourceTree = "<group>"; };
		9F9A2C901E994F300067E1A4 /* SPDashBoardListViewModel.swift */ = {isa = PBXFileReference; fileEncoding = 4; lastKnownFileType = sourcecode.swift; path = SPDashBoardListViewModel.swift; sourceTree = "<group>"; };
		9FA6D66C1EB47C9600C8FA6E /* SPUserFollowingListViewModel.swift */ = {isa = PBXFileReference; fileEncoding = 4; lastKnownFileType = sourcecode.swift; path = SPUserFollowingListViewModel.swift; sourceTree = "<group>"; };
		9FB3784A1EA7267E0048A51C /* Spade-Bridging-Header.h */ = {isa = PBXFileReference; lastKnownFileType = sourcecode.c.h; path = "Spade-Bridging-Header.h"; sourceTree = "<group>"; };
		9FB378571EA73C5B0048A51C /* SPUserDetailViewController.swift */ = {isa = PBXFileReference; fileEncoding = 4; lastKnownFileType = sourcecode.swift; path = SPUserDetailViewController.swift; sourceTree = "<group>"; };
		9FB378591EA746640048A51C /* NTFPSLabel.swift */ = {isa = PBXFileReference; fileEncoding = 4; lastKnownFileType = sourcecode.swift; path = NTFPSLabel.swift; sourceTree = "<group>"; };
		9FBCFC9F1EACCFA0004A801E /* SPOAuthViewController.swift */ = {isa = PBXFileReference; fileEncoding = 4; lastKnownFileType = sourcecode.swift; path = SPOAuthViewController.swift; sourceTree = "<group>"; };
		9FC767081EA23A19000A2A51 /* SPHomeVideoTableViewCell.xib */ = {isa = PBXFileReference; fileEncoding = 4; lastKnownFileType = file.xib; path = SPHomeVideoTableViewCell.xib; sourceTree = "<group>"; };
		9FCA5F351EB8D3D40038DC66 /* NTUserDefault+Extensions.swift */ = {isa = PBXFileReference; fileEncoding = 4; lastKnownFileType = sourcecode.swift; path = "NTUserDefault+Extensions.swift"; sourceTree = "<group>"; };
		9FCEC2AD1E9A542900DF0034 /* SPHomePictureView.swift */ = {isa = PBXFileReference; fileEncoding = 4; lastKnownFileType = sourcecode.swift; path = SPHomePictureView.swift; sourceTree = "<group>"; };
		9FCEC2B11E9A72BF00DF0034 /* SPDashBoardPicture.swift */ = {isa = PBXFileReference; fileEncoding = 4; lastKnownFileType = sourcecode.swift; path = SPDashBoardPicture.swift; sourceTree = "<group>"; };
		9FD36DA41EA768B10007D3C2 /* SPUserDetailHeaderView.swift */ = {isa = PBXFileReference; fileEncoding = 4; lastKnownFileType = sourcecode.swift; path = SPUserDetailHeaderView.swift; sourceTree = "<group>"; };
		9FDC1C811E96272F0019D76A /* spade.app */ = {isa = PBXFileReference; explicitFileType = wrapper.application; includeInIndex = 0; path = spade.app; sourceTree = BUILT_PRODUCTS_DIR; };
		9FDC1C841E96272F0019D76A /* AppDelegate.swift */ = {isa = PBXFileReference; lastKnownFileType = sourcecode.swift; path = AppDelegate.swift; sourceTree = "<group>"; };
		9FDC1C8B1E96272F0019D76A /* Assets.xcassets */ = {isa = PBXFileReference; lastKnownFileType = folder.assetcatalog; path = Assets.xcassets; sourceTree = "<group>"; };
		9FDC1C901E96272F0019D76A /* Info.plist */ = {isa = PBXFileReference; lastKnownFileType = text.plist.xml; path = Info.plist; sourceTree = "<group>"; };
		9FDC1C9F1E962CBB0019D76A /* SPMainViewController.swift */ = {isa = PBXFileReference; fileEncoding = 4; lastKnownFileType = sourcecode.swift; path = SPMainViewController.swift; sourceTree = "<group>"; };
		9FDC1CA21E962EFC0019D76A /* NTBundle+Extensions.swift */ = {isa = PBXFileReference; fileEncoding = 4; lastKnownFileType = sourcecode.swift; path = "NTBundle+Extensions.swift"; sourceTree = "<group>"; };
		9FDC1CA41E962F9F0019D76A /* SPNavigationController.swift */ = {isa = PBXFileReference; fileEncoding = 4; lastKnownFileType = sourcecode.swift; path = SPNavigationController.swift; sourceTree = "<group>"; };
		9FDC1CA61E9630BA0019D76A /* SPHomeViewController.swift */ = {isa = PBXFileReference; fileEncoding = 4; lastKnownFileType = sourcecode.swift; path = SPHomeViewController.swift; sourceTree = "<group>"; };
		9FDC1CA81E964B2F0019D76A /* SPHomeTableViewCell.swift */ = {isa = PBXFileReference; fileEncoding = 4; lastKnownFileType = sourcecode.swift; path = SPHomeTableViewCell.swift; sourceTree = "<group>"; };
		9FDC1CA91E964B2F0019D76A /* SPHomeTableViewCell.xib */ = {isa = PBXFileReference; fileEncoding = 4; lastKnownFileType = file.xib; path = SPHomeTableViewCell.xib; sourceTree = "<group>"; };
		9FDC1CAD1E964C670019D76A /* SPDemoViewController.swift */ = {isa = PBXFileReference; fileEncoding = 4; lastKnownFileType = sourcecode.swift; path = SPDemoViewController.swift; sourceTree = "<group>"; };
		9FDC1CAF1E964F200019D76A /* NTUIBarButtonItem+Extensions.swift */ = {isa = PBXFileReference; fileEncoding = 4; lastKnownFileType = sourcecode.swift; path = "NTUIBarButtonItem+Extensions.swift"; sourceTree = "<group>"; };
		9FDE5F2F1EB4354100D3440F /* DMHeartFlyView.h */ = {isa = PBXFileReference; fileEncoding = 4; lastKnownFileType = sourcecode.c.h; path = DMHeartFlyView.h; sourceTree = "<group>"; };
		9FDE5F301EB4354100D3440F /* DMHeartFlyView.m */ = {isa = PBXFileReference; fileEncoding = 4; lastKnownFileType = sourcecode.c.objc; path = DMHeartFlyView.m; sourceTree = "<group>"; };
		9FE4D8391EC2BB8F00749B85 /* SPTitleButton.swift */ = {isa = PBXFileReference; fileEncoding = 4; lastKnownFileType = sourcecode.swift; path = SPTitleButton.swift; sourceTree = "<group>"; };
		9FEC9F831EB96FD200C82680 /* SPFollowingViewController.swift */ = {isa = PBXFileReference; fileEncoding = 4; lastKnownFileType = sourcecode.swift; path = SPFollowingViewController.swift; sourceTree = "<group>"; };
		9FEC9F851EB972CA00C82680 /* SPFollowingTableViewCell.swift */ = {isa = PBXFileReference; fileEncoding = 4; lastKnownFileType = sourcecode.swift; path = SPFollowingTableViewCell.swift; sourceTree = "<group>"; };
		9FEC9F861EB972CA00C82680 /* SPFollowingTableViewCell.xib */ = {isa = PBXFileReference; fileEncoding = 4; lastKnownFileType = file.xib; path = SPFollowingTableViewCell.xib; sourceTree = "<group>"; };
		9FF8747E1EAA4C500047241E /* SPUserLikeListViewModel.swift */ = {isa = PBXFileReference; fileEncoding = 4; lastKnownFileType = sourcecode.swift; path = SPUserLikeListViewModel.swift; sourceTree = "<group>"; };
		9FF874801EAA52FE0047241E /* SPDiscoverViewController.swift */ = {isa = PBXFileReference; fileEncoding = 4; lastKnownFileType = sourcecode.swift; path = SPDiscoverViewController.swift; sourceTree = "<group>"; };
		A50C2F42A49182BA021C5361 /* Pods_spade.framework */ = {isa = PBXFileReference; explicitFileType = wrapper.framework; includeInIndex = 0; path = Pods_spade.framework; sourceTree = BUILT_PRODUCTS_DIR; };
/* End PBXFileReference section */

/* Begin PBXFrameworksBuildPhase section */
		9FDC1C7E1E96272E0019D76A /* Frameworks */ = {
			isa = PBXFrameworksBuildPhase;
			buildActionMask = 2147483647;
			files = (
				1280E5A98AA9520C4107B199 /* Pods_spade.framework in Frameworks */,
			);
			runOnlyForDeploymentPostprocessing = 0;
		};
/* End PBXFrameworksBuildPhase section */

/* Begin PBXGroup section */
		5060BC8EA931394A64FAFDA1 /* Pods */ = {
			isa = PBXGroup;
			children = (
				415A9CD500D9AED2735C62F2 /* Pods-spade.debug.xcconfig */,
				48749C7EFFD4C4F8AB829C27 /* Pods-spade.release.xcconfig */,
			);
			name = Pods;
			sourceTree = "<group>";
		};
		9F17FC601ECBF966009BE5CE /* SQLite */ = {
			isa = PBXGroup;
			children = (
				9F17FC621ECBF966009BE5CE /* NTSQLiteManager.swift */,
				9F17FC611ECBF966009BE5CE /* dashboard.sql */,
			);
			path = SQLite;
			sourceTree = "<group>";
		};
		9F22B0AE1EB0EC8E00E0A627 /* Setting */ = {
			isa = PBXGroup;
			children = (
				9F32C51D1EE924720013D9BE /* Setting.storyboard */,
				9F5C75B01EB83E9300C7D5DC /* SPSetting.swift */,
				9F3BFF431EEA3CEA00C914B6 /* SPServiceViewController.swift */,
			);
			path = Setting;
			sourceTree = "<group>";
		};
		9F44EF9B1EBD7661007F7F60 /* NTProxy */ = {
			isa = PBXGroup;
			children = (
				9F44EF9C1EBD766B007F7F60 /* NTURLProtocol.swift */,
			);
			path = NTProxy;
			sourceTree = "<group>";
		};
		9F4E0EF51E9691BB004F307A /* NetworkManage */ = {
			isa = PBXGroup;
			children = (
				9F6668701EAD907800AC1DF9 /* Model */,
				9F4E0EF61E9691CA004F307A /* SPNetworkManage.swift */,
				9F4E0EFD1E9744FD004F307A /* SPNetworkManage+Extensions.swift */,
			);
			path = NetworkManage;
			sourceTree = "<group>";
		};
		9F4E0EFA1E972DDF004F307A /* Model */ = {
			isa = PBXGroup;
			children = (
				9F4E0EFB1E972E50004F307A /* SPDashBoard.swift */,
				9FCEC2B11E9A72BF00DF0034 /* SPDashBoardPicture.swift */,
				9F9A2C881E9912EB0067E1A4 /* SPBlogInfo.swift */,
			);
			path = Model;
			sourceTree = "<group>";
		};
		9F4E0F011E974D3A004F307A /* ViewModel */ = {
			isa = PBXGroup;
			children = (
				9F9A2C901E994F300067E1A4 /* SPDashBoardListViewModel.swift */,
				9F17FC651ECBFAE7009BE5CE /* SPDashBoardListDAL.swift */,
				9F8BEA391EA6088A00F9CF0A /* SPUserListViewModel.swift */,
				9FF8747E1EAA4C500047241E /* SPUserLikeListViewModel.swift */,
				9F887FE41EAAEF4C00094D48 /* SPLikeListViewModel.swift */,
				9FA6D66C1EB47C9600C8FA6E /* SPUserFollowingListViewModel.swift */,
				9F9A2C8E1E994D8E0067E1A4 /* SPDashBoardViewModel.swift */,
				9F8BEA2F1EA5E52C00F9CF0A /* SPBlogInfoViewModel.swift */,
			);
			path = ViewModel;
			sourceTree = "<group>";
		};
		9F5332BD1EAF140000C7D2BE /* NTRefreshControl */ = {
			isa = PBXGroup;
			children = (
				9F5332BE1EAF140000C7D2BE /* NTRefreshControl.swift */,
				9F5332BF1EAF140000C7D2BE /* NTRefreshView.swift */,
				9F5332C01EAF140000C7D2BE /* NTRefreshView.xib */,
			);
			path = NTRefreshControl;
			sourceTree = "<group>";
		};
		9F5FF5F81EAC45E800C59585 /* OAuth */ = {
			isa = PBXGroup;
			children = (
				9FBCFC9F1EACCFA0004A801E /* SPOAuthViewController.swift */,
				9F8BB2321EADF1E30012BC86 /* SPLoginView.swift */,
				9F3BFF3E1EEA3BDA00C914B6 /* SPLoginView.xib */,
			);
			path = OAuth;
			sourceTree = "<group>";
		};
		9F6668701EAD907800AC1DF9 /* Model */ = {
			isa = PBXGroup;
			children = (
				9F6668711EAD909200AC1DF9 /* SPUserAccount.swift */,
			);
			path = Model;
			sourceTree = "<group>";
		};
		9F6FC65D1EC2FEF0005734A7 /* SelectLoadView */ = {
			isa = PBXGroup;
			children = (
				9F32C5021EE914FA0013D9BE /* SPSelectLoadView.xib */,
				9F83A8EF1EC3014600CBF09D /* SPSelectLoadView.swift */,
			);
			path = SelectLoadView;
			sourceTree = "<group>";
		};
		9F83843A1EC9B285004617A1 /* NTDownload */ = {
			isa = PBXGroup;
			children = (
				9F83843B1EC9B285004617A1 /* NTDownloadManager.swift */,
				9F83843C1EC9B285004617A1 /* NTDownloadTask.swift */,
			);
			name = NTDownload;
			path = NTProxy/NTDownload;
			sourceTree = "<group>";
		};
		9F85B0911EAF6721004C4D09 /* NTMessageHud */ = {
			isa = PBXGroup;
			children = (
				9F85B0921EAF6721004C4D09 /* NTMessageHud.swift */,
			);
			path = NTMessageHud;
			sourceTree = "<group>";
		};
		9F87A6881EC433930020E145 /* Download */ = {
			isa = PBXGroup;
			children = (
				9F87A6891EC433AD0020E145 /* SPDownloadViewController.swift */,
				9F961E5A1ED29106003D0928 /* SPDownloadingViewCell.swift */,
				9F961E5B1ED29106003D0928 /* SPDownloadingViewCell.xib */,
				9F83843F1EC9B2F0004617A1 /* SPDownloadedViewCell.swift */,
				9F8384361EC9B1D0004617A1 /* SPDownloadedViewCell.xib */,
			);
			path = Download;
			sourceTree = "<group>";
		};
		9FB378561EA73C3E0048A51C /* UserDetail */ = {
			isa = PBXGroup;
			children = (
				9FB378571EA73C5B0048A51C /* SPUserDetailViewController.swift */,
				9FD36DA41EA768B10007D3C2 /* SPUserDetailHeaderView.swift */,
				9F887FE61EAAF10100094D48 /* SPUserLikesViewController.swift */,
				9F32C53A1EE92A870013D9BE /* SPUserDetailHeaderView.xib */,
			);
			path = UserDetail;
			sourceTree = "<group>";
		};
		9FCA5F341EB8D3D40038DC66 /* NTUserDefault */ = {
			isa = PBXGroup;
			children = (
				9FCA5F351EB8D3D40038DC66 /* NTUserDefault+Extensions.swift */,
			);
			path = NTUserDefault;
			sourceTree = "<group>";
		};
		9FDC1C781E96272E0019D76A = {
			isa = PBXGroup;
			children = (
				9FDC1C831E96272F0019D76A /* spade */,
				9FDC1C821E96272F0019D76A /* Products */,
				5060BC8EA931394A64FAFDA1 /* Pods */,
				A88D4006D94BA007A73F56EC /* Frameworks */,
			);
			sourceTree = "<group>";
		};
		9FDC1C821E96272F0019D76A /* Products */ = {
			isa = PBXGroup;
			children = (
				9FDC1C811E96272F0019D76A /* spade.app */,
			);
			name = Products;
			sourceTree = "<group>";
		};
		9FDC1C831E96272F0019D76A /* spade */ = {
			isa = PBXGroup;
			children = (
				9FDC1C971E962C4B0019D76A /* Classes */,
				9FDC1C961E96275A0019D76A /* Support Files */,
			);
			path = spade;
			sourceTree = "<group>";
		};
		9FDC1C961E96275A0019D76A /* Support Files */ = {
			isa = PBXGroup;
			children = (
				9F3BFF3A1EEA3B9A00C914B6 /* service.html */,
				9FDC1C841E96272F0019D76A /* AppDelegate.swift */,
				9FDC1C8B1E96272F0019D76A /* Assets.xcassets */,
				9F4E0EF81E9692BB004F307A /* SpaceCommon.swift */,
				9FB3784A1EA7267E0048A51C /* Spade-Bridging-Header.h */,
				9FDC1C901E96272F0019D76A /* Info.plist */,
				9F32C4F91EE912D90013D9BE /* LaunchScreen.storyboard */,
				9F32C5351EE928770013D9BE /* Localizable.strings */,
			);
			name = "Support Files";
			sourceTree = "<group>";
		};
		9FDC1C971E962C4B0019D76A /* Classes */ = {
			isa = PBXGroup;
			children = (
				9FDC1C991E962C4B0019D76A /* View */,
				9F4E0F011E974D3A004F307A /* ViewModel */,
				9F4E0EFA1E972DDF004F307A /* Model */,
				9FDC1C981E962C4B0019D76A /* Tools */,
			);
			path = Classes;
			sourceTree = "<group>";
		};
		9FDC1C981E962C4B0019D76A /* Tools */ = {
			isa = PBXGroup;
			children = (
				9FB378591EA746640048A51C /* NTFPSLabel.swift */,
				9F17FC601ECBF966009BE5CE /* SQLite */,
				9F44EF9B1EBD7661007F7F60 /* NTProxy */,
				9F83843A1EC9B285004617A1 /* NTDownload */,
				9FCA5F341EB8D3D40038DC66 /* NTUserDefault */,
				9FDE5F2E1EB4354100D3440F /* HeartFlyView */,
				9F85B0911EAF6721004C4D09 /* NTMessageHud */,
				9F5332BD1EAF140000C7D2BE /* NTRefreshControl */,
				9F4E0EF51E9691BB004F307A /* NetworkManage */,
				9FDC1CA11E962ED80019D76A /* Extensions */,
			);
			path = Tools;
			sourceTree = "<group>";
		};
		9FDC1C991E962C4B0019D76A /* View */ = {
			isa = PBXGroup;
			children = (
				9F5FF5F81EAC45E800C59585 /* OAuth */,
				9FB378561EA73C3E0048A51C /* UserDetail */,
				9FDC1C9D1E962C4B0019D76A /* Main */,
				9FDC1C9B1E962C4B0019D76A /* Home */,
				9FDC1C9A1E962C4B0019D76A /* Discover */,
				9F87A6881EC433930020E145 /* Download */,
				9FDC1C9C1E962C4B0019D76A /* Like */,
				9FDC1C9E1E962C4B0019D76A /* Profile */,
			);
			path = View;
			sourceTree = "<group>";
		};
		9FDC1C9A1E962C4B0019D76A /* Discover */ = {
			isa = PBXGroup;
			children = (
				9FF874801EAA52FE0047241E /* SPDiscoverViewController.swift */,
				9F63A0B81EBACED400685395 /* SPDiscoverTopBarView.swift */,
				9F63A0BA1EBACEE300685395 /* SPDiscoverTopBarView.xib */,
			);
			path = Discover;
			sourceTree = "<group>";
		};
		9FDC1C9B1E962C4B0019D76A /* Home */ = {
			isa = PBXGroup;
			children = (
				9FDC1CA61E9630BA0019D76A /* SPHomeViewController.swift */,
				9FDC1CA81E964B2F0019D76A /* SPHomeTableViewCell.swift */,
				9FDC1CA91E964B2F0019D76A /* SPHomeTableViewCell.xib */,
				9FC767081EA23A19000A2A51 /* SPHomeVideoTableViewCell.xib */,
				9FCEC2AD1E9A542900DF0034 /* SPHomePictureView.swift */,
				9F6FC65D1EC2FEF0005734A7 /* SelectLoadView */,
				9FE4D8381EC2BB1600749B85 /* TitleButton */,
			);
			path = Home;
			sourceTree = "<group>";
		};
		9FDC1C9C1E962C4B0019D76A /* Like */ = {
			isa = PBXGroup;
			children = (
				9F1A59E41EA99021008A286D /* SPLikeViewController.swift */,
			);
			path = Like;
			sourceTree = "<group>";
		};
		9FDC1C9D1E962C4B0019D76A /* Main */ = {
			isa = PBXGroup;
			children = (
				9FDC1CAC1E964C4F0019D76A /* Test */,
				9FDC1C9F1E962CBB0019D76A /* SPMainViewController.swift */,
				9FDC1CA41E962F9F0019D76A /* SPNavigationController.swift */,
				9F4E0EFF1E97465B004F307A /* SPBaseViewController.swift */,
			);
			path = Main;
			sourceTree = "<group>";
		};
		9FDC1C9E1E962C4B0019D76A /* Profile */ = {
			isa = PBXGroup;
			children = (
				9F22B0AE1EB0EC8E00E0A627 /* Setting */,
				9F2ED21E1EA49CA90079B688 /* SPProfileViewController.swift */,
				9F47CFF51EA4FB2B0011F87C /* SPProfileHeaderView.swift */,
				9F32C5161EE921680013D9BE /* SPProfileHeaderView.xib */,
				9FEC9F831EB96FD200C82680 /* SPFollowingViewController.swift */,
				9FEC9F851EB972CA00C82680 /* SPFollowingTableViewCell.swift */,
				9FEC9F861EB972CA00C82680 /* SPFollowingTableViewCell.xib */,
			);
			path = Profile;
			sourceTree = "<group>";
		};
		9FDC1CA11E962ED80019D76A /* Extensions */ = {
			isa = PBXGroup;
			children = (
				9F49F21D1E9F726D001922DA /* SPPhotoProgressView.swift */,
				9F61CCF41E99D8B900C64627 /* NTUIImage+Extensions.swift */,
				9F49F21B1E9F6DC2001922DA /* NTUIColor+Extensions.swift */,
				9F61CCF51E99D8B900C64627 /* UIimageView+WebImage.swift */,
				9FDC1CA21E962EFC0019D76A /* NTBundle+Extensions.swift */,
				9F6CA4D71E9E572A0098E4DA /* NTInt+Extensions.swift */,
				9F9A2C8C1E9920FC0067E1A4 /* NTDate+Extensions.swift */,
				9FDC1CAF1E964F200019D76A /* NTUIBarButtonItem+Extensions.swift */,
				9F9A2C861E9902D80067E1A4 /* NTString+Extensions.swift */,
			);
			path = Extensions;
			sourceTree = "<group>";
		};
		9FDC1CAC1E964C4F0019D76A /* Test */ = {
			isa = PBXGroup;
			children = (
				9FDC1CAD1E964C670019D76A /* SPDemoViewController.swift */,
			);
			path = Test;
			sourceTree = "<group>";
		};
		9FDE5F2E1EB4354100D3440F /* HeartFlyView */ = {
			isa = PBXGroup;
			children = (
				9FDE5F2F1EB4354100D3440F /* DMHeartFlyView.h */,
				9FDE5F301EB4354100D3440F /* DMHeartFlyView.m */,
			);
			path = HeartFlyView;
			sourceTree = "<group>";
		};
		9FE4D8381EC2BB1600749B85 /* TitleButton */ = {
			isa = PBXGroup;
			children = (
				9FE4D8391EC2BB8F00749B85 /* SPTitleButton.swift */,
			);
			path = TitleButton;
			sourceTree = "<group>";
		};
		A88D4006D94BA007A73F56EC /* Frameworks */ = {
			isa = PBXGroup;
			children = (
				A50C2F42A49182BA021C5361 /* Pods_spade.framework */,
			);
			name = Frameworks;
			sourceTree = "<group>";
		};
/* End PBXGroup section */

/* Begin PBXNativeTarget section */
		9FDC1C801E96272E0019D76A /* spade */ = {
			isa = PBXNativeTarget;
			buildConfigurationList = 9FDC1C931E96272F0019D76A /* Build configuration list for PBXNativeTarget "spade" */;
			buildPhases = (
				07FB5BA3A86659F98B0C6903 /* [CP] Check Pods Manifest.lock */,
				9FDC1C7D1E96272E0019D76A /* Sources */,
				9FDC1C7E1E96272E0019D76A /* Frameworks */,
				9FDC1C7F1E96272E0019D76A /* Resources */,
				E49BEC267829403022AD584C /* [CP] Embed Pods Frameworks */,
				26C2FBF18F9EA12C0C2A5882 /* [CP] Copy Pods Resources */,
			);
			buildRules = (
			);
			dependencies = (
			);
			name = spade;
			productName = spade;
			productReference = 9FDC1C811E96272F0019D76A /* spade.app */;
			productType = "com.apple.product-type.application";
		};
/* End PBXNativeTarget section */

/* Begin PBXProject section */
		9FDC1C791E96272E0019D76A /* Project object */ = {
			isa = PBXProject;
			attributes = {
				CLASSPREFIX = SP;
				LastSwiftUpdateCheck = 0830;
				LastUpgradeCheck = 0830;
				ORGANIZATIONNAME = ntian;
				TargetAttributes = {
					9FDC1C801E96272E0019D76A = {
						CreatedOnToolsVersion = 8.3;
						DevelopmentTeam = 57EGJELJS3;
						ProvisioningStyle = Automatic;
					};
				};
			};
			buildConfigurationList = 9FDC1C7C1E96272E0019D76A /* Build configuration list for PBXProject "spade" */;
			compatibilityVersion = "Xcode 3.2";
			developmentRegion = English;
			hasScannedForEncodings = 0;
			knownRegions = (
				Base,
				"zh-Hans",
				en,
			);
			mainGroup = 9FDC1C781E96272E0019D76A;
			productRefGroup = 9FDC1C821E96272F0019D76A /* Products */;
			projectDirPath = "";
			projectRoot = "";
			targets = (
				9FDC1C801E96272E0019D76A /* spade */,
			);
		};
/* End PBXProject section */

/* Begin PBXResourcesBuildPhase section */
		9FDC1C7F1E96272E0019D76A /* Resources */ = {
			isa = PBXResourcesBuildPhase;
			buildActionMask = 2147483647;
			files = (
				9F32C5001EE914FA0013D9BE /* SPSelectLoadView.xib in Resources */,
				9F961E5D1ED29106003D0928 /* SPDownloadingViewCell.xib in Resources */,
				9F63A0BB1EBACEE300685395 /* SPDiscoverTopBarView.xib in Resources */,
				9FEC9F881EB972CA00C82680 /* SPFollowingTableViewCell.xib in Resources */,
				9F32C4FA1EE912D90013D9BE /* LaunchScreen.storyboard in Resources */,
				9F32C5141EE921680013D9BE /* SPProfileHeaderView.xib in Resources */,
				9FDC1C8C1E96272F0019D76A /* Assets.xcassets in Resources */,
				9FC767091EA23A19000A2A51 /* SPHomeVideoTableViewCell.xib in Resources */,
				9F32C5381EE92A870013D9BE /* SPUserDetailHeaderView.xib in Resources */,
				9F5332C31EAF140000C7D2BE /* NTRefreshView.xib in Resources */,
				9F32C51B1EE924720013D9BE /* Setting.storyboard in Resources */,
				9F3BFF3B1EEA3B9A00C914B6 /* service.html in Resources */,
				9F8384381EC9B1D0004617A1 /* SPDownloadedViewCell.xib in Resources */,
				9FDC1CAB1E964B2F0019D76A /* SPHomeTableViewCell.xib in Resources */,
				9F32C5331EE928770013D9BE /* Localizable.strings in Resources */,
				9F3BFF3C1EEA3BDA00C914B6 /* SPLoginView.xib in Resources */,
				9F17FC631ECBF966009BE5CE /* dashboard.sql in Resources */,
			);
			runOnlyForDeploymentPostprocessing = 0;
		};
/* End PBXResourcesBuildPhase section */

/* Begin PBXShellScriptBuildPhase section */
		07FB5BA3A86659F98B0C6903 /* [CP] Check Pods Manifest.lock */ = {
			isa = PBXShellScriptBuildPhase;
			buildActionMask = 2147483647;
			files = (
			);
			inputPaths = (
			);
			name = "[CP] Check Pods Manifest.lock";
			outputPaths = (
			);
			runOnlyForDeploymentPostprocessing = 0;
			shellPath = /bin/sh;
			shellScript = "diff \"${PODS_ROOT}/../Podfile.lock\" \"${PODS_ROOT}/Manifest.lock\" > /dev/null\nif [ $? != 0 ] ; then\n    # print error to STDERR\n    echo \"error: The sandbox is not in sync with the Podfile.lock. Run 'pod install' or update your CocoaPods installation.\" >&2\n    exit 1\nfi\n";
			showEnvVarsInLog = 0;
		};
		26C2FBF18F9EA12C0C2A5882 /* [CP] Copy Pods Resources */ = {
			isa = PBXShellScriptBuildPhase;
			buildActionMask = 2147483647;
			files = (
			);
			inputPaths = (
			);
			name = "[CP] Copy Pods Resources";
			outputPaths = (
			);
			runOnlyForDeploymentPostprocessing = 0;
			shellPath = /bin/sh;
			shellScript = "\"${SRCROOT}/Pods/Target Support Files/Pods-spade/Pods-spade-resources.sh\"\n";
			showEnvVarsInLog = 0;
		};
		E49BEC267829403022AD584C /* [CP] Embed Pods Frameworks */ = {
			isa = PBXShellScriptBuildPhase;
			buildActionMask = 2147483647;
			files = (
			);
			inputPaths = (
			);
			name = "[CP] Embed Pods Frameworks";
			outputPaths = (
			);
			runOnlyForDeploymentPostprocessing = 0;
			shellPath = /bin/sh;
			shellScript = "\"${SRCROOT}/Pods/Target Support Files/Pods-spade/Pods-spade-frameworks.sh\"\n";
			showEnvVarsInLog = 0;
		};
/* End PBXShellScriptBuildPhase section */

/* Begin PBXSourcesBuildPhase section */
		9FDC1C7D1E96272E0019D76A /* Sources */ = {
			isa = PBXSourcesBuildPhase;
			buildActionMask = 2147483647;
			files = (
				9F44EF9D1EBD766B007F7F60 /* NTURLProtocol.swift in Sources */,
				9FD36DA51EA768B10007D3C2 /* SPUserDetailHeaderView.swift in Sources */,
				9F887FE71EAAF10100094D48 /* SPUserLikesViewController.swift in Sources */,
				9FE4D83A1EC2BB8F00749B85 /* SPTitleButton.swift in Sources */,
				9FF8747F1EAA4C500047241E /* SPUserLikeListViewModel.swift in Sources */,
				9F83843E1EC9B285004617A1 /* NTDownloadTask.swift in Sources */,
				9FBCFCA01EACCFA0004A801E /* SPOAuthViewController.swift in Sources */,
				9F4E0EFE1E9744FD004F307A /* SPNetworkManage+Extensions.swift in Sources */,
				9FDC1CB01E964F200019D76A /* NTUIBarButtonItem+Extensions.swift in Sources */,
				9F9A2C911E994F300067E1A4 /* SPDashBoardListViewModel.swift in Sources */,
				9F8BEA3A1EA6088A00F9CF0A /* SPUserListViewModel.swift in Sources */,
				9F17FC641ECBF966009BE5CE /* NTSQLiteManager.swift in Sources */,
				9FCEC2AE1E9A542900DF0034 /* SPHomePictureView.swift in Sources */,
				9F8384401EC9B2F0004617A1 /* SPDownloadedViewCell.swift in Sources */,
				9F5C75B11EB83E9300C7D5DC /* SPSetting.swift in Sources */,
				9FCA5F361EB8D3D40038DC66 /* NTUserDefault+Extensions.swift in Sources */,
				9FCEC2B21E9A72BF00DF0034 /* SPDashBoardPicture.swift in Sources */,
				9FDC1CA31E962EFC0019D76A /* NTBundle+Extensions.swift in Sources */,
				9F961E5C1ED29106003D0928 /* SPDownloadingViewCell.swift in Sources */,
				9FEC9F841EB96FD200C82680 /* SPFollowingViewController.swift in Sources */,
				9F8BB2331EADF1E30012BC86 /* SPLoginView.swift in Sources */,
				9F9A2C8D1E9920FC0067E1A4 /* NTDate+Extensions.swift in Sources */,
				9F8BEA301EA5E52C00F9CF0A /* SPBlogInfoViewModel.swift in Sources */,
				9F5332C21EAF140000C7D2BE /* NTRefreshView.swift in Sources */,
				9F49F21C1E9F6DC2001922DA /* NTUIColor+Extensions.swift in Sources */,
				9F887FE51EAAEF4C00094D48 /* SPLikeListViewModel.swift in Sources */,
				9FDC1CAA1E964B2F0019D76A /* SPHomeTableViewCell.swift in Sources */,
				9FB378581EA73C5B0048A51C /* SPUserDetailViewController.swift in Sources */,
				9F47CFF61EA4FB2B0011F87C /* SPProfileHeaderView.swift in Sources */,
				9F3BFF441EEA3CEA00C914B6 /* SPServiceViewController.swift in Sources */,
				9FDC1CA01E962CBB0019D76A /* SPMainViewController.swift in Sources */,
				9FDC1CA71E9630BA0019D76A /* SPHomeViewController.swift in Sources */,
				9F87A68A1EC433AD0020E145 /* SPDownloadViewController.swift in Sources */,
				9FDC1CAE1E964C670019D76A /* SPDemoViewController.swift in Sources */,
				9F49F21E1E9F726D001922DA /* SPPhotoProgressView.swift in Sources */,
				9FF874811EAA52FE0047241E /* SPDiscoverViewController.swift in Sources */,
				9F6CA4D81E9E572A0098E4DA /* NTInt+Extensions.swift in Sources */,
				9FDC1CA51E962F9F0019D76A /* SPNavigationController.swift in Sources */,
				9F9A2C871E9902D80067E1A4 /* NTString+Extensions.swift in Sources */,
				9F1A59E51EA99021008A286D /* SPLikeViewController.swift in Sources */,
				9F4E0EFC1E972E50004F307A /* SPDashBoard.swift in Sources */,
				9FA6D66D1EB47C9600C8FA6E /* SPUserFollowingListViewModel.swift in Sources */,
				9F17FC661ECBFAE7009BE5CE /* SPDashBoardListDAL.swift in Sources */,
				9F2ED21F1EA49CA90079B688 /* SPProfileViewController.swift in Sources */,
				9F83A8F01EC3014600CBF09D /* SPSelectLoadView.swift in Sources */,
				9F6668721EAD909200AC1DF9 /* SPUserAccount.swift in Sources */,
				9FB3785A1EA746640048A51C /* NTFPSLabel.swift in Sources */,
				9F5332C11EAF140000C7D2BE /* NTRefreshControl.swift in Sources */,
				9F4E0EF91E9692BB004F307A /* SpaceCommon.swift in Sources */,
				9F9A2C8F1E994D8E0067E1A4 /* SPDashBoardViewModel.swift in Sources */,
				9F61CCF71E99D8B900C64627 /* UIimageView+WebImage.swift in Sources */,
				9F4E0EF71E9691CA004F307A /* SPNetworkManage.swift in Sources */,
				9F83843D1EC9B285004617A1 /* NTDownloadManager.swift in Sources */,
				9F4E0F001E97465B004F307A /* SPBaseViewController.swift in Sources */,
				9F9A2C891E9912EB0067E1A4 /* SPBlogInfo.swift in Sources */,
				9F63A0B91EBACED400685395 /* SPDiscoverTopBarView.swift in Sources */,
				9FEC9F871EB972CA00C82680 /* SPFollowingTableViewCell.swift in Sources */,
				9FDC1C851E96272F0019D76A /* AppDelegate.swift in Sources */,
				9F85B0931EAF6721004C4D09 /* NTMessageHud.swift in Sources */,
				9F61CCF61E99D8B900C64627 /* NTUIImage+Extensions.swift in Sources */,
				9FDE5F311EB4354100D3440F /* DMHeartFlyView.m in Sources */,
			);
			runOnlyForDeploymentPostprocessing = 0;
		};
/* End PBXSourcesBuildPhase section */

/* Begin PBXVariantGroup section */
		9F32C5021EE914FA0013D9BE /* SPSelectLoadView.xib */ = {
			isa = PBXVariantGroup;
			children = (
				9F32C5061EE9163F0013D9BE /* Base */,
				9F32C5081EE916F60013D9BE /* zh-Hans */,
				9F32C5251EE926AF0013D9BE /* en */,
			);
			name = SPSelectLoadView.xib;
			sourceTree = "<group>";
		};
		9F32C5161EE921680013D9BE /* SPProfileHeaderView.xib */ = {
			isa = PBXVariantGroup;
			children = (
				9F32C5151EE921680013D9BE /* Base */,
				9F32C51A1EE9216A0013D9BE /* zh-Hans */,
				9F32C5271EE926AF0013D9BE /* en */,
			);
			name = SPProfileHeaderView.xib;
			sourceTree = "<group>";
		};
		9F32C51D1EE924720013D9BE /* Setting.storyboard */ = {
			isa = PBXVariantGroup;
			children = (
				9F32C51C1EE924720013D9BE /* Base */,
				9F3BFF461EEA3EB800C914B6 /* zh-Hans */,
				9F3BFF481EEA3EBB00C914B6 /* en */,
			);
			name = Setting.storyboard;
			sourceTree = "<group>";
		};
		9F32C5351EE928770013D9BE /* Localizable.strings */ = {
			isa = PBXVariantGroup;
			children = (
				9F32C5341EE928770013D9BE /* Base */,
				9F32C5361EE928780013D9BE /* zh-Hans */,
				9F32C5371EE928780013D9BE /* en */,
			);
			name = Localizable.strings;
			sourceTree = "<group>";
		};
		9F32C53A1EE92A870013D9BE /* SPUserDetailHeaderView.xib */ = {
			isa = PBXVariantGroup;
			children = (
				9F32C5401EE934C10013D9BE /* Base */,
				9F32C5411EE934CA0013D9BE /* en */,
				9F32C5431EE934DF0013D9BE /* zh-Hans */,
			);
			name = SPUserDetailHeaderView.xib;
			sourceTree = "<group>";
		};
		9F3BFF3E1EEA3BDA00C914B6 /* SPLoginView.xib */ = {
			isa = PBXVariantGroup;
			children = (
				9F3BFF3D1EEA3BDA00C914B6 /* Base */,
				9F3BFF401EEA3BDC00C914B6 /* zh-Hans */,
				9F3BFF421EEA3BDD00C914B6 /* en */,
			);
			name = SPLoginView.xib;
			sourceTree = "<group>";
		};
/* End PBXVariantGroup section */

/* Begin XCBuildConfiguration section */
		9FDC1C911E96272F0019D76A /* Debug */ = {
			isa = XCBuildConfiguration;
			buildSettings = {
				ALWAYS_SEARCH_USER_PATHS = NO;
				CLANG_ANALYZER_LOCALIZABILITY_NONLOCALIZED = YES;
				CLANG_ANALYZER_NONNULL = YES;
				CLANG_ANALYZER_NUMBER_OBJECT_CONVERSION = YES_AGGRESSIVE;
				CLANG_CXX_LANGUAGE_STANDARD = "gnu++0x";
				CLANG_CXX_LIBRARY = "libc++";
				CLANG_ENABLE_MODULES = YES;
				CLANG_ENABLE_OBJC_ARC = YES;
				CLANG_WARN_BOOL_CONVERSION = YES;
				CLANG_WARN_CONSTANT_CONVERSION = YES;
				CLANG_WARN_DIRECT_OBJC_ISA_USAGE = YES_ERROR;
				CLANG_WARN_DOCUMENTATION_COMMENTS = YES;
				CLANG_WARN_EMPTY_BODY = YES;
				CLANG_WARN_ENUM_CONVERSION = YES;
				CLANG_WARN_INFINITE_RECURSION = YES;
				CLANG_WARN_INT_CONVERSION = YES;
				CLANG_WARN_OBJC_ROOT_CLASS = YES_ERROR;
				CLANG_WARN_SUSPICIOUS_MOVE = YES;
				CLANG_WARN_UNREACHABLE_CODE = YES;
				CLANG_WARN__DUPLICATE_METHOD_MATCH = YES;
				"CODE_SIGN_IDENTITY[sdk=iphoneos*]" = "iPhone Developer";
				COPY_PHASE_STRIP = NO;
				DEBUG_INFORMATION_FORMAT = dwarf;
				ENABLE_STRICT_OBJC_MSGSEND = YES;
				ENABLE_TESTABILITY = YES;
				GCC_C_LANGUAGE_STANDARD = gnu99;
				GCC_DYNAMIC_NO_PIC = NO;
				GCC_NO_COMMON_BLOCKS = YES;
				GCC_OPTIMIZATION_LEVEL = 0;
				GCC_PREPROCESSOR_DEFINITIONS = (
					"DEBUG=1",
					"$(inherited)",
				);
				GCC_WARN_64_TO_32_BIT_CONVERSION = YES;
				GCC_WARN_ABOUT_RETURN_TYPE = YES_ERROR;
				GCC_WARN_UNDECLARED_SELECTOR = YES;
				GCC_WARN_UNINITIALIZED_AUTOS = YES_AGGRESSIVE;
				GCC_WARN_UNUSED_FUNCTION = YES;
				GCC_WARN_UNUSED_VARIABLE = YES;
				IPHONEOS_DEPLOYMENT_TARGET = 8.0;
				MTL_ENABLE_DEBUG_INFO = YES;
				ONLY_ACTIVE_ARCH = YES;
				SDKROOT = iphoneos;
				SWIFT_ACTIVE_COMPILATION_CONDITIONS = DEBUG;
				SWIFT_OPTIMIZATION_LEVEL = "-Onone";
			};
			name = Debug;
		};
		9FDC1C921E96272F0019D76A /* Release */ = {
			isa = XCBuildConfiguration;
			buildSettings = {
				ALWAYS_SEARCH_USER_PATHS = NO;
				CLANG_ANALYZER_LOCALIZABILITY_NONLOCALIZED = YES;
				CLANG_ANALYZER_NONNULL = YES;
				CLANG_ANALYZER_NUMBER_OBJECT_CONVERSION = YES_AGGRESSIVE;
				CLANG_CXX_LANGUAGE_STANDARD = "gnu++0x";
				CLANG_CXX_LIBRARY = "libc++";
				CLANG_ENABLE_MODULES = YES;
				CLANG_ENABLE_OBJC_ARC = YES;
				CLANG_WARN_BOOL_CONVERSION = YES;
				CLANG_WARN_CONSTANT_CONVERSION = YES;
				CLANG_WARN_DIRECT_OBJC_ISA_USAGE = YES_ERROR;
				CLANG_WARN_DOCUMENTATION_COMMENTS = YES;
				CLANG_WARN_EMPTY_BODY = YES;
				CLANG_WARN_ENUM_CONVERSION = YES;
				CLANG_WARN_INFINITE_RECURSION = YES;
				CLANG_WARN_INT_CONVERSION = YES;
				CLANG_WARN_OBJC_ROOT_CLASS = YES_ERROR;
				CLANG_WARN_SUSPICIOUS_MOVE = YES;
				CLANG_WARN_UNREACHABLE_CODE = YES;
				CLANG_WARN__DUPLICATE_METHOD_MATCH = YES;
				"CODE_SIGN_IDENTITY[sdk=iphoneos*]" = "iPhone Developer";
				COPY_PHASE_STRIP = NO;
				DEBUG_INFORMATION_FORMAT = "dwarf-with-dsym";
				ENABLE_NS_ASSERTIONS = NO;
				ENABLE_STRICT_OBJC_MSGSEND = YES;
				GCC_C_LANGUAGE_STANDARD = gnu99;
				GCC_NO_COMMON_BLOCKS = YES;
				GCC_WARN_64_TO_32_BIT_CONVERSION = YES;
				GCC_WARN_ABOUT_RETURN_TYPE = YES_ERROR;
				GCC_WARN_UNDECLARED_SELECTOR = YES;
				GCC_WARN_UNINITIALIZED_AUTOS = YES_AGGRESSIVE;
				GCC_WARN_UNUSED_FUNCTION = YES;
				GCC_WARN_UNUSED_VARIABLE = YES;
				IPHONEOS_DEPLOYMENT_TARGET = 8.0;
				MTL_ENABLE_DEBUG_INFO = NO;
				SDKROOT = iphoneos;
				SWIFT_OPTIMIZATION_LEVEL = "-Owholemodule";
				VALIDATE_PRODUCT = YES;
			};
			name = Release;
		};
		9FDC1C941E96272F0019D76A /* Debug */ = {
			isa = XCBuildConfiguration;
			baseConfigurationReference = 415A9CD500D9AED2735C62F2 /* Pods-spade.debug.xcconfig */;
			buildSettings = {
				ASSETCATALOG_COMPILER_APPICON_NAME = AppIcon;
				CODE_SIGN_IDENTITY = "iPhone Distribution: yushan lin (57EGJELJS3)";
				"CODE_SIGN_IDENTITY[sdk=iphoneos*]" = "iPhone Developer";
				DEVELOPMENT_TEAM = 57EGJELJS3;
				FRAMEWORK_SEARCH_PATHS = "$(inherited)";
				INFOPLIST_FILE = spade/Info.plist;
				IPHONEOS_DEPLOYMENT_TARGET = 8.0;
				LD_RUNPATH_SEARCH_PATHS = "$(inherited) @executable_path/Frameworks";
				OTHER_SWIFT_FLAGS = "$(inherited) \"-D\" \"COCOAPODS\" -D DEBUG";
				PRODUCT_BUNDLE_IDENTIFIER = com.yuerer.Tspade;
				PRODUCT_NAME = "$(TARGET_NAME)";
				PROVISIONING_PROFILE_SPECIFIER = "";
				SWIFT_OBJC_BRIDGING_HEADER = "spade/Spade-Bridging-Header.h";
				SWIFT_VERSION = 3.0;
				TARGETED_DEVICE_FAMILY = 1;
			};
			name = Debug;
		};
		9FDC1C951E96272F0019D76A /* Release */ = {
			isa = XCBuildConfiguration;
			baseConfigurationReference = 48749C7EFFD4C4F8AB829C27 /* Pods-spade.release.xcconfig */;
			buildSettings = {
				ASSETCATALOG_COMPILER_APPICON_NAME = AppIcon;
				CODE_SIGN_IDENTITY = "iPhone Distribution: yushan lin (57EGJELJS3)";
				"CODE_SIGN_IDENTITY[sdk=iphoneos*]" = "iPhone Developer";
				DEVELOPMENT_TEAM = 57EGJELJS3;
				FRAMEWORK_SEARCH_PATHS = "$(inherited)";
				INFOPLIST_FILE = spade/Info.plist;
				IPHONEOS_DEPLOYMENT_TARGET = 8.0;
				LD_RUNPATH_SEARCH_PATHS = "$(inherited) @executable_path/Frameworks";
				PRODUCT_BUNDLE_IDENTIFIER = com.yuerer.Tspade;
				PRODUCT_NAME = "$(TARGET_NAME)";
				PROVISIONING_PROFILE_SPECIFIER = "";
				SWIFT_OBJC_BRIDGING_HEADER = "spade/Spade-Bridging-Header.h";
				SWIFT_VERSION = 3.0;
				TARGETED_DEVICE_FAMILY = 1;
			};
			name = Release;
		};
/* End XCBuildConfiguration section */

/* Begin XCConfigurationList section */
		9FDC1C7C1E96272E0019D76A /* Build configuration list for PBXProject "spade" */ = {
			isa = XCConfigurationList;
			buildConfigurations = (
				9FDC1C911E96272F0019D76A /* Debug */,
				9FDC1C921E96272F0019D76A /* Release */,
			);
			defaultConfigurationIsVisible = 0;
			defaultConfigurationName = Release;
		};
		9FDC1C931E96272F0019D76A /* Build configuration list for PBXNativeTarget "spade" */ = {
			isa = XCConfigurationList;
			buildConfigurations = (
				9FDC1C941E96272F0019D76A /* Debug */,
				9FDC1C951E96272F0019D76A /* Release */,
			);
			defaultConfigurationIsVisible = 0;
			defaultConfigurationName = Release;
		};
/* End XCConfigurationList section */
	};
	rootObject = 9FDC1C791E96272E0019D76A /* Project object */;
}
