// !$*UTF8*$!
{
	archiveVersion = 1;
	classes = {
	};
	objectVersion = 46;
	objects = {

/* Begin PBXBuildFile section */
		9FDC1C851E96272F0019D76A /* AppDelegate.swift in Sources */ = {isa = PBXBuildFile; fileRef = 9FDC1C841E96272F0019D76A /* AppDelegate.swift */; };
		9FDC1C8C1E96272F0019D76A /* Assets.xcassets in Resources */ = {isa = PBXBuildFile; fileRef = 9FDC1C8B1E96272F0019D76A /* Assets.xcassets */; };
		9FDC1CA01E962CBB0019D76A /* SPMainViewController.swift in Sources */ = {isa = PBXBuildFile; fileRef = 9FDC1C9F1E962CBB0019D76A /* SPMainViewController.swift */; };
/* End PBXBuildFile section */

/* Begin PBXFileReference section */
		9FDC1C811E96272F0019D76A /* spade.app */ = {isa = PBXFileReference; explicitFileType = wrapper.application; includeInIndex = 0; path = spade.app; sourceTree = BUILT_PRODUCTS_DIR; };
		9FDC1C841E96272F0019D76A /* AppDelegate.swift */ = {isa = PBXFileReference; lastKnownFileType = sourcecode.swift; path = AppDelegate.swift; sourceTree = "<group>"; };
		9FDC1C8B1E96272F0019D76A /* Assets.xcassets */ = {isa = PBXFileReference; lastKnownFileType = folder.assetcatalog; path = Assets.xcassets; sourceTree = "<group>"; };
		9FDC1C901E96272F0019D76A /* Info.plist */ = {isa = PBXFileReference; lastKnownFileType = text.plist.xml; path = Info.plist; sourceTree = "<group>"; };
		9FDC1C9F1E962CBB0019D76A /* SPMainViewController.swift */ = {isa = PBXFileReference; fileEncoding = 4; lastKnownFileType = sourcecode.swift; path = SPMainViewController.swift; sourceTree = "<group>"; };
/* End PBXFileReference section */

/* Begin PBXFrameworksBuildPhase section */
		9FDC1C7E1E96272E0019D76A /* Frameworks */ = {
			isa = PBXFrameworksBuildPhase;
			buildActionMask = 2147483647;
			files = (
			);
			runOnlyForDeploymentPostprocessing = 0;
		};
/* End PBXFrameworksBuildPhase section */

/* Begin PBXGroup section */
		9FDC1C781E96272E0019D76A = {
			isa = PBXGroup;
			children = (
				9FDC1C831E96272F0019D76A /* spade */,
				9FDC1C821E96272F0019D76A /* Products */,
			);
			sourceTree = "<group>";
		};
		9FDC1C821E96272F0019D76A /* Products */ = {
			isa = PBXGroup;
			children = (
				9FDC1C811E96272F0019D76A /* spade.app */,
			);
			name = Products;
			sourceTree = "<group>";
		};
		9FDC1C831E96272F0019D76A /* spade */ = {
			isa = PBXGroup;
			children = (
				9FDC1C971E962C4B0019D76A /* Classes */,
				9FDC1C961E96275A0019D76A /* Support Files */,
			);
			path = spade;
			sourceTree = "<group>";
		};
		9FDC1C961E96275A0019D76A /* Support Files */ = {
			isa = PBXGroup;
			children = (
				9FDC1C841E96272F0019D76A /* AppDelegate.swift */,
				9FDC1C8B1E96272F0019D76A /* Assets.xcassets */,
				9FDC1C901E96272F0019D76A /* Info.plist */,
			);
			name = "Support Files";
			sourceTree = "<group>";
		};
		9FDC1C971E962C4B0019D76A /* Classes */ = {
			isa = PBXGroup;
			children = (
				9FDC1C991E962C4B0019D76A /* View */,
				9FDC1C981E962C4B0019D76A /* Tools */,
			);
			path = Classes;
			sourceTree = "<group>";
		};
		9FDC1C981E962C4B0019D76A /* Tools */ = {
			isa = PBXGroup;
			children = (
			);
			path = Tools;
			sourceTree = "<group>";
		};
		9FDC1C991E962C4B0019D76A /* View */ = {
			isa = PBXGroup;
			children = (
				9FDC1C9D1E962C4B0019D76A /* Main */,
				9FDC1C9B1E962C4B0019D76A /* Home */,
				9FDC1C9A1E962C4B0019D76A /* Discover */,
				9FDC1C9C1E962C4B0019D76A /* Like */,
				9FDC1C9E1E962C4B0019D76A /* Profile */,
			);
			path = View;
			sourceTree = "<group>";
		};
		9FDC1C9A1E962C4B0019D76A /* Discover */ = {
			isa = PBXGroup;
			children = (
			);
			path = Discover;
			sourceTree = "<group>";
		};
		9FDC1C9B1E962C4B0019D76A /* Home */ = {
			isa = PBXGroup;
			children = (
			);
			path = Home;
			sourceTree = "<group>";
		};
		9FDC1C9C1E962C4B0019D76A /* Like */ = {
			isa = PBXGroup;
			children = (
			);
			path = Like;
			sourceTree = "<group>";
		};
		9FDC1C9D1E962C4B0019D76A /* Main */ = {
			isa = PBXGroup;
			children = (
				9FDC1C9F1E962CBB0019D76A /* SPMainViewController.swift */,
			);
			path = Main;
			sourceTree = "<group>";
		};
		9FDC1C9E1E962C4B0019D76A /* Profile */ = {
			isa = PBXGroup;
			children = (
			);
			path = Profile;
			sourceTree = "<group>";
		};
/* End PBXGroup section */

/* Begin PBXNativeTarget section */
		9FDC1C801E96272E0019D76A /* spade */ = {
			isa = PBXNativeTarget;
			buildConfigurationList = 9FDC1C931E96272F0019D76A /* Build configuration list for PBXNativeTarget "spade" */;
			buildPhases = (
				9FDC1C7D1E96272E0019D76A /* Sources */,
				9FDC1C7E1E96272E0019D76A /* Frameworks */,
				9FDC1C7F1E96272E0019D76A /* Resources */,
			);
			buildRules = (
			);
			dependencies = (
			);
			name = spade;
			productName = spade;
			productReference = 9FDC1C811E96272F0019D76A /* spade.app */;
			productType = "com.apple.product-type.application";
		};
/* End PBXNativeTarget section */

/* Begin PBXProject section */
		9FDC1C791E96272E0019D76A /* Project object */ = {
			isa = PBXProject;
			attributes = {
				LastSwiftUpdateCheck = 0830;
				LastUpgradeCheck = 0830;
				ORGANIZATIONNAME = ntian;
				TargetAttributes = {
					9FDC1C801E96272E0019D76A = {
						CreatedOnToolsVersion = 8.3;
						DevelopmentTeam = 26K4QZ9DA7;
						ProvisioningStyle = Automatic;
					};
				};
			};
			buildConfigurationList = 9FDC1C7C1E96272E0019D76A /* Build configuration list for PBXProject "spade" */;
			compatibilityVersion = "Xcode 3.2";
			developmentRegion = English;
			hasScannedForEncodings = 0;
			knownRegions = (
				en,
				Base,
			);
			mainGroup = 9FDC1C781E96272E0019D76A;
			productRefGroup = 9FDC1C821E96272F0019D76A /* Products */;
			projectDirPath = "";
			projectRoot = "";
			targets = (
				9FDC1C801E96272E0019D76A /* spade */,
			);
		};
/* End PBXProject section */

/* Begin PBXResourcesBuildPhase section */
		9FDC1C7F1E96272E0019D76A /* Resources */ = {
			isa = PBXResourcesBuildPhase;
			buildActionMask = 2147483647;
			files = (
				9FDC1C8C1E96272F0019D76A /* Assets.xcassets in Resources */,
			);
			runOnlyForDeploymentPostprocessing = 0;
		};
/* End PBXResourcesBuildPhase section */

/* Begin PBXSourcesBuildPhase section */
		9FDC1C7D1E96272E0019D76A /* Sources */ = {
			isa = PBXSourcesBuildPhase;
			buildActionMask = 2147483647;
			files = (
				9FDC1CA01E962CBB0019D76A /* SPMainViewController.swift in Sources */,
				9FDC1C851E96272F0019D76A /* AppDelegate.swift in Sources */,
			);
			runOnlyForDeploymentPostprocessing = 0;
		};
/* End PBXSourcesBuildPhase section */

/* Begin XCBuildConfiguration section */
		9FDC1C911E96272F0019D76A /* Debug */ = {
			isa = XCBuildConfiguration;
			buildSettings = {
				ALWAYS_SEARCH_USER_PATHS = NO;
				CLANG_ANALYZER_NONNULL = YES;
				CLANG_ANALYZER_NUMBER_OBJECT_CONVERSION = YES_AGGRESSIVE;
				CLANG_CXX_LANGUAGE_STANDARD = "gnu++0x";
				CLANG_CXX_LIBRARY = "libc++";
				CLANG_ENABLE_MODULES = YES;
				CLANG_ENABLE_OBJC_ARC = YES;
				CLANG_WARN_BOOL_CONVERSION = YES;
				CLANG_WARN_CONSTANT_CONVERSION = YES;
				CLANG_WARN_DIRECT_OBJC_ISA_USAGE = YES_ERROR;
				CLANG_WARN_DOCUMENTATION_COMMENTS = YES;
				CLANG_WARN_EMPTY_BODY = YES;
				CLANG_WARN_ENUM_CONVERSION = YES;
				CLANG_WARN_INFINITE_RECURSION = YES;
				CLANG_WARN_INT_CONVERSION = YES;
				CLANG_WARN_OBJC_ROOT_CLASS = YES_ERROR;
				CLANG_WARN_SUSPICIOUS_MOVE = YES;
				CLANG_WARN_UNREACHABLE_CODE = YES;
				CLANG_WARN__DUPLICATE_METHOD_MATCH = YES;
				"CODE_SIGN_IDENTITY[sdk=iphoneos*]" = "iPhone Developer";
				COPY_PHASE_STRIP = NO;
				DEBUG_INFORMATION_FORMAT = dwarf;
				ENABLE_STRICT_OBJC_MSGSEND = YES;
				ENABLE_TESTABILITY = YES;
				GCC_C_LANGUAGE_STANDARD = gnu99;
				GCC_DYNAMIC_NO_PIC = NO;
				GCC_NO_COMMON_BLOCKS = YES;
				GCC_OPTIMIZATION_LEVEL = 0;
				GCC_PREPROCESSOR_DEFINITIONS = (
					"DEBUG=1",
					"$(inherited)",
				);
				GCC_WARN_64_TO_32_BIT_CONVERSION = YES;
				GCC_WARN_ABOUT_RETURN_TYPE = YES_ERROR;
				GCC_WARN_UNDECLARED_SELECTOR = YES;
				GCC_WARN_UNINITIALIZED_AUTOS = YES_AGGRESSIVE;
				GCC_WARN_UNUSED_FUNCTION = YES;
				GCC_WARN_UNUSED_VARIABLE = YES;
				IPHONEOS_DEPLOYMENT_TARGET = 10.3;
				MTL_ENABLE_DEBUG_INFO = YES;
				ONLY_ACTIVE_ARCH = YES;
				SDKROOT = iphoneos;
				SWIFT_ACTIVE_COMPILATION_CONDITIONS = DEBUG;
				SWIFT_OPTIMIZATION_LEVEL = "-Onone";
			};
			name = Debug;
		};
		9FDC1C921E96272F0019D76A /* Release */ = {
			isa = XCBuildConfiguration;
			buildSettings = {
				ALWAYS_SEARCH_USER_PATHS = NO;
				CLANG_ANALYZER_NONNULL = YES;
				CLANG_ANALYZER_NUMBER_OBJECT_CONVERSION = YES_AGGRESSIVE;
				CLANG_CXX_LANGUAGE_STANDARD = "gnu++0x";
				CLANG_CXX_LIBRARY = "libc++";
				CLANG_ENABLE_MODULES = YES;
				CLANG_ENABLE_OBJC_ARC = YES;
				CLANG_WARN_BOOL_CONVERSION = YES;
				CLANG_WARN_CONSTANT_CONVERSION = YES;
				CLANG_WARN_DIRECT_OBJC_ISA_USAGE = YES_ERROR;
				CLANG_WARN_DOCUMENTATION_COMMENTS = YES;
				CLANG_WARN_EMPTY_BODY = YES;
				CLANG_WARN_ENUM_CONVERSION = YES;
				CLANG_WARN_INFINITE_RECURSION = YES;
				CLANG_WARN_INT_CONVERSION = YES;
				CLANG_WARN_OBJC_ROOT_CLASS = YES_ERROR;
				CLANG_WARN_SUSPICIOUS_MOVE = YES;
				CLANG_WARN_UNREACHABLE_CODE = YES;
				CLANG_WARN__DUPLICATE_METHOD_MATCH = YES;
				"CODE_SIGN_IDENTITY[sdk=iphoneos*]" = "iPhone Developer";
				COPY_PHASE_STRIP = NO;
				DEBUG_INFORMATION_FORMAT = "dwarf-with-dsym";
				ENABLE_NS_ASSERTIONS = NO;
				ENABLE_STRICT_OBJC_MSGSEND = YES;
				GCC_C_LANGUAGE_STANDARD = gnu99;
				GCC_NO_COMMON_BLOCKS = YES;
				GCC_WARN_64_TO_32_BIT_CONVERSION = YES;
				GCC_WARN_ABOUT_RETURN_TYPE = YES_ERROR;
				GCC_WARN_UNDECLARED_SELECTOR = YES;
				GCC_WARN_UNINITIALIZED_AUTOS = YES_AGGRESSIVE;
				GCC_WARN_UNUSED_FUNCTION = YES;
				GCC_WARN_UNUSED_VARIABLE = YES;
				IPHONEOS_DEPLOYMENT_TARGET = 10.3;
				MTL_ENABLE_DEBUG_INFO = NO;
				SDKROOT = iphoneos;
				SWIFT_OPTIMIZATION_LEVEL = "-Owholemodule";
				VALIDATE_PRODUCT = YES;
			};
			name = Release;
		};
		9FDC1C941E96272F0019D76A /* Debug */ = {
			isa = XCBuildConfiguration;
			buildSettings = {
				ASSETCATALOG_COMPILER_APPICON_NAME = AppIcon;
				ASSETCATALOG_COMPILER_LAUNCHIMAGE_NAME = LaunchImage;
				DEVELOPMENT_TEAM = 26K4QZ9DA7;
				INFOPLIST_FILE = spade/Info.plist;
				IPHONEOS_DEPLOYMENT_TARGET = 8.0;
				LD_RUNPATH_SEARCH_PATHS = "$(inherited) @executable_path/Frameworks";
				PRODUCT_BUNDLE_IDENTIFIER = com.yuerer.spade;
				PRODUCT_NAME = "$(TARGET_NAME)";
				SWIFT_VERSION = 3.0;
			};
			name = Debug;
		};
		9FDC1C951E96272F0019D76A /* Release */ = {
			isa = XCBuildConfiguration;
			buildSettings = {
				ASSETCATALOG_COMPILER_APPICON_NAME = AppIcon;
				ASSETCATALOG_COMPILER_LAUNCHIMAGE_NAME = LaunchImage;
				DEVELOPMENT_TEAM = 26K4QZ9DA7;
				INFOPLIST_FILE = spade/Info.plist;
				IPHONEOS_DEPLOYMENT_TARGET = 8.0;
				LD_RUNPATH_SEARCH_PATHS = "$(inherited) @executable_path/Frameworks";
				PRODUCT_BUNDLE_IDENTIFIER = com.yuerer.spade;
				PRODUCT_NAME = "$(TARGET_NAME)";
				SWIFT_VERSION = 3.0;
			};
			name = Release;
		};
/* End XCBuildConfiguration section */

/* Begin XCConfigurationList section */
		9FDC1C7C1E96272E0019D76A /* Build configuration list for PBXProject "spade" */ = {
			isa = XCConfigurationList;
			buildConfigurations = (
				9FDC1C911E96272F0019D76A /* Debug */,
				9FDC1C921E96272F0019D76A /* Release */,
			);
			defaultConfigurationIsVisible = 0;
			defaultConfigurationName = Release;
		};
		9FDC1C931E96272F0019D76A /* Build configuration list for PBXNativeTarget "spade" */ = {
			isa = XCConfigurationList;
			buildConfigurations = (
				9FDC1C941E96272F0019D76A /* Debug */,
				9FDC1C951E96272F0019D76A /* Release */,
			);
			defaultConfigurationIsVisible = 0;
		};
/* End XCConfigurationList section */
	};
	rootObject = 9FDC1C791E96272E0019D76A /* Project object */;
}
